
Microsoft Visual Studio Solution File, Format Version 12.00
# Visual Studio Version 16
VisualStudioVersion = 16.6.30114.105
MinimumVisualStudioVersion = 10.0.40219.1
Project("{9A19103F-16F7-4668-BE54-9A1E7A4F7556}") = "R5T.T0040.Construction", "R5T.T0040.Construction\R5T.T0040.Construction.csproj", "{7A09578E-CB49-4325-8B35-14FEDF70282A}"
EndProject
Project("{9A19103F-16F7-4668-BE54-9A1E7A4F7556}") = "R5T.T0040", "R5T.T0040\R5T.T0040.csproj", "{C3EB9ED7-9AD2-49A8-AB85-15914D729BC5}"
EndProject
Project("{9A19103F-16F7-4668-BE54-9A1E7A4F7556}") = "R5T.T0040.X002", "R5T.T0040.X002\R5T.T0040.X002.csproj", "{691E19E8-BB57-4F07-8948-80AFFBDFE304}"
EndProject
Project("{2150E333-8FDC-42A3-9474-1A3956D46DE8}") = "_Dependencies", "_Dependencies", "{D6433839-F39D-4E30-A3B3-B8B3D2163946}"
EndProject
Project("{9A19103F-16F7-4668-BE54-9A1E7A4F7556}") = "R5T.T0037.X001", "..\..\R5T.T0037\source\R5T.T0037.X001\R5T.T0037.X001.csproj", "{E9A81447-F0CF-4F42-A6B5-F105D0B98E9A}"
EndProject
Project("{9A19103F-16F7-4668-BE54-9A1E7A4F7556}") = "R5T.T0037.X002", "..\..\R5T.T0037\source\R5T.T0037.X002\R5T.T0037.X002.csproj", "{8E4C1F01-3E77-4460-AED3-703F3F8A9286}"
EndProject
Project("{9A19103F-16F7-4668-BE54-9A1E7A4F7556}") = "R5T.T0041.X001", "..\..\R5T.T0041\source\R5T.T0041.X001\R5T.T0041.X001.csproj", "{71958CC0-75EB-4570-96F6-E29C4CA3646F}"
EndProject
Project("{9A19103F-16F7-4668-BE54-9A1E7A4F7556}") = "R5T.T0041.X002", "..\..\R5T.T0041\source\R5T.T0041.X002\R5T.T0041.X002.csproj", "{63DC074E-00C7-4537-98EC-CA9CFA5D8884}"
EndProject
Project("{9A19103F-16F7-4668-BE54-9A1E7A4F7556}") = "R5T.T0040.X000", "R5T.T0040.X000\R5T.T0040.X000.csproj", "{069E756B-10C7-4BFC-99C1-148CCCD6B244}"
EndProject
Project("{9A19103F-16F7-4668-BE54-9A1E7A4F7556}") = "R5T.T0032.X0001.X002", "..\..\R5T.T0032.X0001\source\R5T.T0032.X0001.X002\R5T.T0032.X0001.X002.csproj", "{AC981499-1224-4222-BE49-5AB178AFAED1}"
EndProject
Project("{9A19103F-16F7-4668-BE54-9A1E7A4F7556}") = "R5T.T0040.X001", "R5T.T0040.X001\R5T.T0040.X001.csproj", "{82506EC2-5427-4E0A-8749-3CEE6301C129}"
EndProject
Project("{9A19103F-16F7-4668-BE54-9A1E7A4F7556}") = "R5T.D0078.T0032", "..\..\R5T.D0078\source\R5T.D0078.T0032\R5T.D0078.T0032.csproj", "{C5E9A312-C933-484C-8867-958F86EFE683}"
EndProject
Global
	GlobalSection(SolutionConfigurationPlatforms) = preSolution
		Debug|Any CPU = Debug|Any CPU
		Debug|x64 = Debug|x64
		Debug|x86 = Debug|x86
		Release|Any CPU = Release|Any CPU
		Release|x64 = Release|x64
		Release|x86 = Release|x86
	EndGlobalSection
	GlobalSection(ProjectConfigurationPlatforms) = postSolution
		{7A09578E-CB49-4325-8B35-14FEDF70282A}.Debug|Any CPU.ActiveCfg = Debug|Any CPU
		{7A09578E-CB49-4325-8B35-14FEDF70282A}.Debug|Any CPU.Build.0 = Debug|Any CPU
		{7A09578E-CB49-4325-8B35-14FEDF70282A}.Debug|x64.ActiveCfg = Debug|Any CPU
		{7A09578E-CB49-4325-8B35-14FEDF70282A}.Debug|x64.Build.0 = Debug|Any CPU
		{7A09578E-CB49-4325-8B35-14FEDF70282A}.Debug|x86.ActiveCfg = Debug|Any CPU
		{7A09578E-CB49-4325-8B35-14FEDF70282A}.Debug|x86.Build.0 = Debug|Any CPU
		{7A09578E-CB49-4325-8B35-14FEDF70282A}.Release|Any CPU.ActiveCfg = Release|Any CPU
		{7A09578E-CB49-4325-8B35-14FEDF70282A}.Release|Any CPU.Build.0 = Release|Any CPU
		{7A09578E-CB49-4325-8B35-14FEDF70282A}.Release|x64.ActiveCfg = Release|Any CPU
		{7A09578E-CB49-4325-8B35-14FEDF70282A}.Release|x64.Build.0 = Release|Any CPU
		{7A09578E-CB49-4325-8B35-14FEDF70282A}.Release|x86.ActiveCfg = Release|Any CPU
		{7A09578E-CB49-4325-8B35-14FEDF70282A}.Release|x86.Build.0 = Release|Any CPU
		{C3EB9ED7-9AD2-49A8-AB85-15914D729BC5}.Debug|Any CPU.ActiveCfg = Debug|Any CPU
		{C3EB9ED7-9AD2-49A8-AB85-15914D729BC5}.Debug|Any CPU.Build.0 = Debug|Any CPU
		{C3EB9ED7-9AD2-49A8-AB85-15914D729BC5}.Debug|x64.ActiveCfg = Debug|Any CPU
		{C3EB9ED7-9AD2-49A8-AB85-15914D729BC5}.Debug|x64.Build.0 = Debug|Any CPU
		{C3EB9ED7-9AD2-49A8-AB85-15914D729BC5}.Debug|x86.ActiveCfg = Debug|Any CPU
		{C3EB9ED7-9AD2-49A8-AB85-15914D729BC5}.Debug|x86.Build.0 = Debug|Any CPU
		{C3EB9ED7-9AD2-49A8-AB85-15914D729BC5}.Release|Any CPU.ActiveCfg = Release|Any CPU
		{C3EB9ED7-9AD2-49A8-AB85-15914D729BC5}.Release|Any CPU.Build.0 = Release|Any CPU
		{C3EB9ED7-9AD2-49A8-AB85-15914D729BC5}.Release|x64.ActiveCfg = Release|Any CPU
		{C3EB9ED7-9AD2-49A8-AB85-15914D729BC5}.Release|x64.Build.0 = Release|Any CPU
		{C3EB9ED7-9AD2-49A8-AB85-15914D729BC5}.Release|x86.ActiveCfg = Release|Any CPU
		{C3EB9ED7-9AD2-49A8-AB85-15914D729BC5}.Release|x86.Build.0 = Release|Any CPU
		{691E19E8-BB57-4F07-8948-80AFFBDFE304}.Debug|Any CPU.ActiveCfg = Debug|Any CPU
		{691E19E8-BB57-4F07-8948-80AFFBDFE304}.Debug|Any CPU.Build.0 = Debug|Any CPU
		{691E19E8-BB57-4F07-8948-80AFFBDFE304}.Debug|x64.ActiveCfg = Debug|Any CPU
		{691E19E8-BB57-4F07-8948-80AFFBDFE304}.Debug|x64.Build.0 = Debug|Any CPU
		{691E19E8-BB57-4F07-8948-80AFFBDFE304}.Debug|x86.ActiveCfg = Debug|Any CPU
		{691E19E8-BB57-4F07-8948-80AFFBDFE304}.Debug|x86.Build.0 = Debug|Any CPU
		{691E19E8-BB57-4F07-8948-80AFFBDFE304}.Release|Any CPU.ActiveCfg = Release|Any CPU
		{691E19E8-BB57-4F07-8948-80AFFBDFE304}.Release|Any CPU.Build.0 = Release|Any CPU
		{691E19E8-BB57-4F07-8948-80AFFBDFE304}.Release|x64.ActiveCfg = Release|Any CPU
		{691E19E8-BB57-4F07-8948-80AFFBDFE304}.Release|x64.Build.0 = Release|Any CPU
		{691E19E8-BB57-4F07-8948-80AFFBDFE304}.Release|x86.ActiveCfg = Release|Any CPU
		{691E19E8-BB57-4F07-8948-80AFFBDFE304}.Release|x86.Build.0 = Release|Any CPU
		{E9A81447-F0CF-4F42-A6B5-F105D0B98E9A}.Debug|Any CPU.ActiveCfg = Debug|Any CPU
		{E9A81447-F0CF-4F42-A6B5-F105D0B98E9A}.Debug|Any CPU.Build.0 = Debug|Any CPU
		{E9A81447-F0CF-4F42-A6B5-F105D0B98E9A}.Debug|x64.ActiveCfg = Debug|Any CPU
		{E9A81447-F0CF-4F42-A6B5-F105D0B98E9A}.Debug|x64.Build.0 = Debug|Any CPU
		{E9A81447-F0CF-4F42-A6B5-F105D0B98E9A}.Debug|x86.ActiveCfg = Debug|Any CPU
		{E9A81447-F0CF-4F42-A6B5-F105D0B98E9A}.Debug|x86.Build.0 = Debug|Any CPU
		{E9A81447-F0CF-4F42-A6B5-F105D0B98E9A}.Release|Any CPU.ActiveCfg = Release|Any CPU
		{E9A81447-F0CF-4F42-A6B5-F105D0B98E9A}.Release|Any CPU.Build.0 = Release|Any CPU
		{E9A81447-F0CF-4F42-A6B5-F105D0B98E9A}.Release|x64.ActiveCfg = Release|Any CPU
		{E9A81447-F0CF-4F42-A6B5-F105D0B98E9A}.Release|x64.Build.0 = Release|Any CPU
		{E9A81447-F0CF-4F42-A6B5-F105D0B98E9A}.Release|x86.ActiveCfg = Release|Any CPU
		{E9A81447-F0CF-4F42-A6B5-F105D0B98E9A}.Release|x86.Build.0 = Release|Any CPU
		{8E4C1F01-3E77-4460-AED3-703F3F8A9286}.Debug|Any CPU.ActiveCfg = Debug|Any CPU
		{8E4C1F01-3E77-4460-AED3-703F3F8A9286}.Debug|Any CPU.Build.0 = Debug|Any CPU
		{8E4C1F01-3E77-4460-AED3-703F3F8A9286}.Debug|x64.ActiveCfg = Debug|Any CPU
		{8E4C1F01-3E77-4460-AED3-703F3F8A9286}.Debug|x64.Build.0 = Debug|Any CPU
		{8E4C1F01-3E77-4460-AED3-703F3F8A9286}.Debug|x86.ActiveCfg = Debug|Any CPU
		{8E4C1F01-3E77-4460-AED3-703F3F8A9286}.Debug|x86.Build.0 = Debug|Any CPU
		{8E4C1F01-3E77-4460-AED3-703F3F8A9286}.Release|Any CPU.ActiveCfg = Release|Any CPU
		{8E4C1F01-3E77-4460-AED3-703F3F8A9286}.Release|Any CPU.Build.0 = Release|Any CPU
		{8E4C1F01-3E77-4460-AED3-703F3F8A9286}.Release|x64.ActiveCfg = Release|Any CPU
		{8E4C1F01-3E77-4460-AED3-703F3F8A9286}.Release|x64.Build.0 = Release|Any CPU
		{8E4C1F01-3E77-4460-AED3-703F3F8A9286}.Release|x86.ActiveCfg = Release|Any CPU
		{8E4C1F01-3E77-4460-AED3-703F3F8A9286}.Release|x86.Build.0 = Release|Any CPU
		{71958CC0-75EB-4570-96F6-E29C4CA3646F}.Debug|Any CPU.ActiveCfg = Debug|Any CPU
		{71958CC0-75EB-4570-96F6-E29C4CA3646F}.Debug|Any CPU.Build.0 = Debug|Any CPU
		{71958CC0-75EB-4570-96F6-E29C4CA3646F}.Debug|x64.ActiveCfg = Debug|Any CPU
		{71958CC0-75EB-4570-96F6-E29C4CA3646F}.Debug|x64.Build.0 = Debug|Any CPU
		{71958CC0-75EB-4570-96F6-E29C4CA3646F}.Debug|x86.ActiveCfg = Debug|Any CPU
		{71958CC0-75EB-4570-96F6-E29C4CA3646F}.Debug|x86.Build.0 = Debug|Any CPU
		{71958CC0-75EB-4570-96F6-E29C4CA3646F}.Release|Any CPU.ActiveCfg = Release|Any CPU
		{71958CC0-75EB-4570-96F6-E29C4CA3646F}.Release|Any CPU.Build.0 = Release|Any CPU
		{71958CC0-75EB-4570-96F6-E29C4CA3646F}.Release|x64.ActiveCfg = Release|Any CPU
		{71958CC0-75EB-4570-96F6-E29C4CA3646F}.Release|x64.Build.0 = Release|Any CPU
		{71958CC0-75EB-4570-96F6-E29C4CA3646F}.Release|x86.ActiveCfg = Release|Any CPU
		{71958CC0-75EB-4570-96F6-E29C4CA3646F}.Release|x86.Build.0 = Release|Any CPU
		{63DC074E-00C7-4537-98EC-CA9CFA5D8884}.Debug|Any CPU.ActiveCfg = Debug|Any CPU
		{63DC074E-00C7-4537-98EC-CA9CFA5D8884}.Debug|Any CPU.Build.0 = Debug|Any CPU
		{63DC074E-00C7-4537-98EC-CA9CFA5D8884}.Debug|x64.ActiveCfg = Debug|Any CPU
		{63DC074E-00C7-4537-98EC-CA9CFA5D8884}.Debug|x64.Build.0 = Debug|Any CPU
		{63DC074E-00C7-4537-98EC-CA9CFA5D8884}.Debug|x86.ActiveCfg = Debug|Any CPU
		{63DC074E-00C7-4537-98EC-CA9CFA5D8884}.Debug|x86.Build.0 = Debug|Any CPU
		{63DC074E-00C7-4537-98EC-CA9CFA5D8884}.Release|Any CPU.ActiveCfg = Release|Any CPU
		{63DC074E-00C7-4537-98EC-CA9CFA5D8884}.Release|Any CPU.Build.0 = Release|Any CPU
		{63DC074E-00C7-4537-98EC-CA9CFA5D8884}.Release|x64.ActiveCfg = Release|Any CPU
		{63DC074E-00C7-4537-98EC-CA9CFA5D8884}.Release|x64.Build.0 = Release|Any CPU
		{63DC074E-00C7-4537-98EC-CA9CFA5D8884}.Release|x86.ActiveCfg = Release|Any CPU
		{63DC074E-00C7-4537-98EC-CA9CFA5D8884}.Release|x86.Build.0 = Release|Any CPU
		{069E756B-10C7-4BFC-99C1-148CCCD6B244}.Debug|Any CPU.ActiveCfg = Debug|Any CPU
		{069E756B-10C7-4BFC-99C1-148CCCD6B244}.Debug|Any CPU.Build.0 = Debug|Any CPU
		{069E756B-10C7-4BFC-99C1-148CCCD6B244}.Debug|x64.ActiveCfg = Debug|Any CPU
		{069E756B-10C7-4BFC-99C1-148CCCD6B244}.Debug|x64.Build.0 = Debug|Any CPU
		{069E756B-10C7-4BFC-99C1-148CCCD6B244}.Debug|x86.ActiveCfg = Debug|Any CPU
		{069E756B-10C7-4BFC-99C1-148CCCD6B244}.Debug|x86.Build.0 = Debug|Any CPU
		{069E756B-10C7-4BFC-99C1-148CCCD6B244}.Release|Any CPU.ActiveCfg = Release|Any CPU
		{069E756B-10C7-4BFC-99C1-148CCCD6B244}.Release|Any CPU.Build.0 = Release|Any CPU
		{069E756B-10C7-4BFC-99C1-148CCCD6B244}.Release|x64.ActiveCfg = Release|Any CPU
		{069E756B-10C7-4BFC-99C1-148CCCD6B244}.Release|x64.Build.0 = Release|Any CPU
		{069E756B-10C7-4BFC-99C1-148CCCD6B244}.Release|x86.ActiveCfg = Release|Any CPU
		{069E756B-10C7-4BFC-99C1-148CCCD6B244}.Release|x86.Build.0 = Release|Any CPU
		{AC981499-1224-4222-BE49-5AB178AFAED1}.Debug|Any CPU.ActiveCfg = Debug|Any CPU
		{AC981499-1224-4222-BE49-5AB178AFAED1}.Debug|Any CPU.Build.0 = Debug|Any CPU
		{AC981499-1224-4222-BE49-5AB178AFAED1}.Debug|x64.ActiveCfg = Debug|Any CPU
		{AC981499-1224-4222-BE49-5AB178AFAED1}.Debug|x64.Build.0 = Debug|Any CPU
		{AC981499-1224-4222-BE49-5AB178AFAED1}.Debug|x86.ActiveCfg = Debug|Any CPU
		{AC981499-1224-4222-BE49-5AB178AFAED1}.Debug|x86.Build.0 = Debug|Any CPU
		{AC981499-1224-4222-BE49-5AB178AFAED1}.Release|Any CPU.ActiveCfg = Release|Any CPU
		{AC981499-1224-4222-BE49-5AB178AFAED1}.Release|Any CPU.Build.0 = Release|Any CPU
		{AC981499-1224-4222-BE49-5AB178AFAED1}.Release|x64.ActiveCfg = Release|Any CPU
		{AC981499-1224-4222-BE49-5AB178AFAED1}.Release|x64.Build.0 = Release|Any CPU
		{AC981499-1224-4222-BE49-5AB178AFAED1}.Release|x86.ActiveCfg = Release|Any CPU
		{AC981499-1224-4222-BE49-5AB178AFAED1}.Release|x86.Build.0 = Release|Any CPU
		{82506EC2-5427-4E0A-8749-3CEE6301C129}.Debug|Any CPU.ActiveCfg = Debug|Any CPU
		{82506EC2-5427-4E0A-8749-3CEE6301C129}.Debug|Any CPU.Build.0 = Debug|Any CPU
		{82506EC2-5427-4E0A-8749-3CEE6301C129}.Debug|x64.ActiveCfg = Debug|Any CPU
		{82506EC2-5427-4E0A-8749-3CEE6301C129}.Debug|x64.Build.0 = Debug|Any CPU
		{82506EC2-5427-4E0A-8749-3CEE6301C129}.Debug|x86.ActiveCfg = Debug|Any CPU
		{82506EC2-5427-4E0A-8749-3CEE6301C129}.Debug|x86.Build.0 = Debug|Any CPU
		{82506EC2-5427-4E0A-8749-3CEE6301C129}.Release|Any CPU.ActiveCfg = Release|Any CPU
		{82506EC2-5427-4E0A-8749-3CEE6301C129}.Release|Any CPU.Build.0 = Release|Any CPU
		{82506EC2-5427-4E0A-8749-3CEE6301C129}.Release|x64.ActiveCfg = Release|Any CPU
		{82506EC2-5427-4E0A-8749-3CEE6301C129}.Release|x64.Build.0 = Release|Any CPU
		{82506EC2-5427-4E0A-8749-3CEE6301C129}.Release|x86.ActiveCfg = Release|Any CPU
		{82506EC2-5427-4E0A-8749-3CEE6301C129}.Release|x86.Build.0 = Release|Any CPU
		{C5E9A312-C933-484C-8867-958F86EFE683}.Debug|Any CPU.ActiveCfg = Debug|Any CPU
		{C5E9A312-C933-484C-8867-958F86EFE683}.Debug|Any CPU.Build.0 = Debug|Any CPU
		{C5E9A312-C933-484C-8867-958F86EFE683}.Debug|x64.ActiveCfg = Debug|Any CPU
		{C5E9A312-C933-484C-8867-958F86EFE683}.Debug|x64.Build.0 = Debug|Any CPU
		{C5E9A312-C933-484C-8867-958F86EFE683}.Debug|x86.ActiveCfg = Debug|Any CPU
		{C5E9A312-C933-484C-8867-958F86EFE683}.Debug|x86.Build.0 = Debug|Any CPU
		{C5E9A312-C933-484C-8867-958F86EFE683}.Release|Any CPU.ActiveCfg = Release|Any CPU
		{C5E9A312-C933-484C-8867-958F86EFE683}.Release|Any CPU.Build.0 = Release|Any CPU
		{C5E9A312-C933-484C-8867-958F86EFE683}.Release|x64.ActiveCfg = Release|Any CPU
		{C5E9A312-C933-484C-8867-958F86EFE683}.Release|x64.Build.0 = Release|Any CPU
		{C5E9A312-C933-484C-8867-958F86EFE683}.Release|x86.ActiveCfg = Release|Any CPU
		{C5E9A312-C933-484C-8867-958F86EFE683}.Release|x86.Build.0 = Release|Any CPU
	EndGlobalSection
	GlobalSection(SolutionProperties) = preSolution
		HideSolutionNode = FALSE
	EndGlobalSection
	GlobalSection(NestedProjects) = preSolution
		{E9A81447-F0CF-4F42-A6B5-F105D0B98E9A} = {D6433839-F39D-4E30-A3B3-B8B3D2163946}
		{8E4C1F01-3E77-4460-AED3-703F3F8A9286} = {D6433839-F39D-4E30-A3B3-B8B3D2163946}
		{71958CC0-75EB-4570-96F6-E29C4CA3646F} = {D6433839-F39D-4E30-A3B3-B8B3D2163946}
		{63DC074E-00C7-4537-98EC-CA9CFA5D8884} = {D6433839-F39D-4E30-A3B3-B8B3D2163946}
		{AC981499-1224-4222-BE49-5AB178AFAED1} = {D6433839-F39D-4E30-A3B3-B8B3D2163946}
		{C5E9A312-C933-484C-8867-958F86EFE683} = {D6433839-F39D-4E30-A3B3-B8B3D2163946}
	EndGlobalSection
	GlobalSection(ExtensibilityGlobals) = postSolution
		SolutionGuid = {32C30C8A-D7E4-4931-9A08-712E5E4EBC8A}
	EndGlobalSection
EndGlobal
