
Microsoft Visual Studio Solution File, Format Version 12.00
# Visual Studio Version 17
VisualStudioVersion = 17.2.32630.192
MinimumVisualStudioVersion = 10.0.40219.1
Project("{9A19103F-16F7-4668-BE54-9A1E7A4F7556}") = "R5T.T0040.Construction", "R5T.T0040.Construction\R5T.T0040.Construction.csproj", "{7A09578E-CB49-4325-8B35-14FEDF70282A}"
EndProject
Project("{9A19103F-16F7-4668-BE54-9A1E7A4F7556}") = "R5T.T0040", "R5T.T0040\R5T.T0040.csproj", "{C3EB9ED7-9AD2-49A8-AB85-15914D729BC5}"
EndProject
Project("{2150E333-8FDC-42A3-9474-1A3956D46DE8}") = "_Dependencies", "_Dependencies", "{D6433839-F39D-4E30-A3B3-B8B3D2163946}"
EndProject
Project("{9A19103F-16F7-4668-BE54-9A1E7A4F7556}") = "R5T.T0037.X001", "..\..\R5T.T0037\source\R5T.T0037.X001\R5T.T0037.X001.csproj", "{E9A81447-F0CF-4F42-A6B5-F105D0B98E9A}"
EndProject
Project("{9A19103F-16F7-4668-BE54-9A1E7A4F7556}") = "R5T.T0037.X002", "..\..\R5T.T0037\source\R5T.T0037.X002\R5T.T0037.X002.csproj", "{8E4C1F01-3E77-4460-AED3-703F3F8A9286}"
EndProject
Project("{9A19103F-16F7-4668-BE54-9A1E7A4F7556}") = "R5T.T0041.X001", "..\..\R5T.T0041\source\R5T.T0041.X001\R5T.T0041.X001.csproj", "{71958CC0-75EB-4570-96F6-E29C4CA3646F}"
EndProject
Project("{9A19103F-16F7-4668-BE54-9A1E7A4F7556}") = "R5T.T0041.X002", "..\..\R5T.T0041\source\R5T.T0041.X002\R5T.T0041.X002.csproj", "{63DC074E-00C7-4537-98EC-CA9CFA5D8884}"
EndProject
Project("{9A19103F-16F7-4668-BE54-9A1E7A4F7556}") = "R5T.T0040.X000", "R5T.T0040.X000\R5T.T0040.X000.csproj", "{069E756B-10C7-4BFC-99C1-148CCCD6B244}"
EndProject
Project("{9A19103F-16F7-4668-BE54-9A1E7A4F7556}") = "R5T.T0032.X0001.X002", "..\..\R5T.T0032.X0001\source\R5T.T0032.X0001.X002\R5T.T0032.X0001.X002.csproj", "{AC981499-1224-4222-BE49-5AB178AFAED1}"
EndProject
Project("{9A19103F-16F7-4668-BE54-9A1E7A4F7556}") = "R5T.T0040.X001", "R5T.T0040.X001\R5T.T0040.X001.csproj", "{82506EC2-5427-4E0A-8749-3CEE6301C129}"
EndProject
Project("{9A19103F-16F7-4668-BE54-9A1E7A4F7556}") = "R5T.D0078.T0032", "..\..\R5T.D0078\source\R5T.D0078.T0032\R5T.D0078.T0032.csproj", "{C5E9A312-C933-484C-8867-958F86EFE683}"
EndProject
Project("{9A19103F-16F7-4668-BE54-9A1E7A4F7556}") = "R5T.T0039.T002", "..\..\R5T.T0039\source\R5T.T0039.T002\R5T.T0039.T002.csproj", "{C0C8EB04-0473-46DD-8CA4-A6936A6598B5}"
EndProject
Project("{9A19103F-16F7-4668-BE54-9A1E7A4F7556}") = "R5T.T0037", "..\..\R5T.T0037\source\R5T.T0037\R5T.T0037.csproj", "{E063D200-CE6A-4838-B24A-205A8674D909}"
EndProject
Project("{9A19103F-16F7-4668-BE54-9A1E7A4F7556}") = "R5T.Magyar.T002.X000", "..\..\R5T.Magyar\source\R5T.Magyar.T002.X000\R5T.Magyar.T002.X000.csproj", "{C5F78D37-ECE5-4F12-BE24-7FFB454D67BB}"
EndProject
Project("{9A19103F-16F7-4668-BE54-9A1E7A4F7556}") = "R5T.Magyar.T002", "..\..\R5T.Magyar\source\R5T.Magyar.T002\R5T.Magyar.T002.csproj", "{2EEC46F9-25CE-4FD5-B352-2C1995A61473}"
EndProject
Project("{9A19103F-16F7-4668-BE54-9A1E7A4F7556}") = "R5T.T0021.X003", "..\..\R5T.T0021\source\R5T.T0021.X003\R5T.T0021.X003.csproj", "{984BF1FC-D303-4B92-A885-32254D084FF8}"
EndProject
Project("{9A19103F-16F7-4668-BE54-9A1E7A4F7556}") = "R5T.Magyar", "..\..\R5T.Magyar\source\R5T.Magyar\R5T.Magyar.csproj", "{7E2D24F0-0FF6-4B26-8898-C1E206B8AB48}"
EndProject
Project("{9A19103F-16F7-4668-BE54-9A1E7A4F7556}") = "R5T.T0021", "..\..\R5T.T0021\source\R5T.T0021\R5T.T0021.csproj", "{B32F28DE-1009-457F-8DB7-3E0BFE6425A7}"
EndProject
Project("{9A19103F-16F7-4668-BE54-9A1E7A4F7556}") = "R5T.T0042.X001", "..\..\R5T.T0042\source\R5T.T0042.X001\R5T.T0042.X001.csproj", "{8A4B0F38-71A1-4ABA-8741-DA17CD6FE3A1}"
EndProject
Project("{9A19103F-16F7-4668-BE54-9A1E7A4F7556}") = "R5T.T0042", "..\..\R5T.T0042\source\R5T.T0042\R5T.T0042.csproj", "{79624970-8D3E-430B-B9EF-C75B8E8FF061}"
EndProject
Project("{9A19103F-16F7-4668-BE54-9A1E7A4F7556}") = "R5T.T0041", "..\..\R5T.T0041\source\R5T.T0041\R5T.T0041.csproj", "{5A716787-000C-4357-845C-CFD36CD535DA}"
EndProject
Project("{9A19103F-16F7-4668-BE54-9A1E7A4F7556}") = "R5T.T0032", "..\..\R5T.T0032\source\R5T.T0032\R5T.T0032.csproj", "{95AA84A9-3FBF-43FA-A21A-63E2F070DAEF}"
EndProject
Project("{FAE04EC0-301F-11D3-BF4B-00C04F79EFBC}") = "R5T.T0040.X002", "R5T.T0040.X002\R5T.T0040.X002.csproj", "{80747D64-7664-489D-A7C8-3C03524FD2D5}"
EndProject
Project("{FAE04EC0-301F-11D3-BF4B-00C04F79EFBC}") = "R5T.T0044.X001", "..\..\R5T.T0044\source\R5T.T0044.X001\R5T.T0044.X001.csproj", "{58675DE1-293B-422A-9D6B-AD40DEC09270}"
EndProject
Project("{FAE04EC0-301F-11D3-BF4B-00C04F79EFBC}") = "R5T.T0044", "..\..\R5T.T0044\source\R5T.T0044\R5T.T0044.csproj", "{CB1468DA-DD75-4727-A445-274A5048237B}"
EndProject
Project("{FAE04EC0-301F-11D3-BF4B-00C04F79EFBC}") = "R5T.T0124.X0001", "..\..\R5T.T0124.X0001\source\R5T.T0124.X0001\R5T.T0124.X0001.csproj", "{8038D2D4-56BE-43B4-A8C1-30C583C15386}"
EndProject
Project("{FAE04EC0-301F-11D3-BF4B-00C04F79EFBC}") = "R5T.T0124.X001", "..\..\R5T.T0124\source\R5T.T0124.X001\R5T.T0124.X001.csproj", "{8785BAB9-C9AD-4AA4-8589-7BE5A5BF0D87}"
EndProject
Project("{FAE04EC0-301F-11D3-BF4B-00C04F79EFBC}") = "R5T.T0124", "..\..\R5T.T0124\source\R5T.T0124\R5T.T0124.csproj", "{602754DD-35D0-47C3-877C-47F0AB08EEB8}"
EndProject
Project("{FAE04EC0-301F-11D3-BF4B-00C04F79EFBC}") = "R5T.T0044.X0001", "..\..\R5T.T0044.X0001\source\R5T.T0044.X0001\R5T.T0044.X0001.csproj", "{07712CEA-DC05-4396-8E9E-87F8C47B8E85}"
EndProject
Project("{9A19103F-16F7-4668-BE54-9A1E7A4F7556}") = "R5T.F0000", "..\..\R5T.F0000\source\R5T.F0000\R5T.F0000.csproj", "{1E3CCD63-6BC4-4B22-9EB9-A9D2A6DCEFE3}"
EndProject
Project("{9A19103F-16F7-4668-BE54-9A1E7A4F7556}") = "R5T.F0002", "..\..\R5T.F0002\source\R5T.F0002\R5T.F0002.csproj", "{1B235347-5538-4370-AAAE-56F76D8A4A2E}"
EndProject
Project("{9A19103F-16F7-4668-BE54-9A1E7A4F7556}") = "R5T.L0053", "..\..\R5T.L0053\source\R5T.L0053\R5T.L0053.csproj", "{30CBEAD5-7BB0-42B8-8F48-C8C43A9A4BC3}"
EndProject
Project("{9A19103F-16F7-4668-BE54-9A1E7A4F7556}") = "R5T.L0066", "..\..\R5T.L0066\source\R5T.L0066\R5T.L0066.csproj", "{438B1F66-8D5E-4448-826D-3E8C7413DEBF}"
EndProject
Project("{9A19103F-16F7-4668-BE54-9A1E7A4F7556}") = "R5T.L0071", "..\..\R5T.L0071\source\R5T.L0071\R5T.L0071.csproj", "{18D7010F-77D6-48CA-A9A6-0750E3DA4EDE}"
EndProject
Project("{9A19103F-16F7-4668-BE54-9A1E7A4F7556}") = "R5T.L0089.F000", "..\..\R5T.L0089\source\R5T.L0089.F000\R5T.L0089.F000.csproj", "{26073755-1FBD-4210-9CFF-79E3D12EF05A}"
EndProject
Project("{9A19103F-16F7-4668-BE54-9A1E7A4F7556}") = "R5T.L0089.T000", "..\..\R5T.L0089\source\R5T.L0089.T000\R5T.L0089.T000.csproj", "{FE11981B-6549-4D46-B9F6-6006195F5417}"
EndProject
Project("{9A19103F-16F7-4668-BE54-9A1E7A4F7556}") = "R5T.L0089", "..\..\R5T.L0089\source\R5T.L0089\R5T.L0089.csproj", "{4727C282-1E67-4E9A-9738-A2F5316DED12}"
EndProject
Project("{9A19103F-16F7-4668-BE54-9A1E7A4F7556}") = "R5T.Lombardy.Base", "..\..\R5T.Lombardy.Base\source\R5T.Lombardy.Base\R5T.Lombardy.Base.csproj", "{60528479-A20D-4C28-99DC-E6D3658A47B5}"
EndProject
Project("{9A19103F-16F7-4668-BE54-9A1E7A4F7556}") = "R5T.T0064", "..\..\R5T.T0064\source\R5T.T0064\R5T.T0064.csproj", "{74BDE09F-4D64-49A5-94A8-53DB91DBB6A3}"
EndProject
Project("{9A19103F-16F7-4668-BE54-9A1E7A4F7556}") = "R5T.T0131", "..\..\R5T.T0131\source\R5T.T0131\R5T.T0131.csproj", "{6ACEABCE-3789-40B1-9E71-E2B99E56E2DD}"
EndProject
Project("{9A19103F-16F7-4668-BE54-9A1E7A4F7556}") = "R5T.T0132", "..\..\R5T.T0132\source\R5T.T0132\R5T.T0132.csproj", "{D01689EA-4650-4F0A-B1F6-32DF6A787FC6}"
EndProject
Project("{9A19103F-16F7-4668-BE54-9A1E7A4F7556}") = "R5T.T0142", "..\..\R5T.T0142\source\R5T.T0142\R5T.T0142.csproj", "{F8A5424C-D6EE-4924-9FCE-D73184F19B66}"
EndProject
Project("{9A19103F-16F7-4668-BE54-9A1E7A4F7556}") = "R5T.T0143", "..\..\R5T.T0143\source\R5T.T0143\R5T.T0143.csproj", "{2637FF1B-D9BD-4F11-B5B0-29AD98CA980E}"
EndProject
Project("{9A19103F-16F7-4668-BE54-9A1E7A4F7556}") = "R5T.T0156", "..\..\R5T.T0156\source\R5T.T0156\R5T.T0156.csproj", "{5ED4EBA7-E7B0-4A75-903C-139E71885637}"
EndProject
Project("{9A19103F-16F7-4668-BE54-9A1E7A4F7556}") = "R5T.T0221", "..\..\R5T.T0221\source\R5T.T0221\R5T.T0221.csproj", "{561709DE-BA4C-466C-BF0C-88FF59068726}"
EndProject
Project("{9A19103F-16F7-4668-BE54-9A1E7A4F7556}") = "R5T.Y0000", "..\..\R5T.Y0000\source\R5T.Y0000\R5T.Y0000.csproj", "{E716915B-CBD9-4A79-982F-7A84BB62A939}"
EndProject
Project("{9A19103F-16F7-4668-BE54-9A1E7A4F7556}") = "R5T.Y0006", "..\..\R5T.Y0006\source\R5T.Y0006\R5T.Y0006.csproj", "{6C5136EA-AF62-4CF3-A6E9-8C1740BC3950}"
EndProject
Project("{9A19103F-16F7-4668-BE54-9A1E7A4F7556}") = "R5T.Z0000", "..\..\R5T.Z0000\source\R5T.Z0000\R5T.Z0000.csproj", "{9B471C33-8CBC-49D4-9694-A4D24E59F86C}"
EndProject
Project("{9A19103F-16F7-4668-BE54-9A1E7A4F7556}") = "R5T.Z0010.Platform", "..\..\R5T.Z0010\source\R5T.Z0010.Platform\R5T.Z0010.Platform.csproj", "{7CE8FD91-B83D-4AC1-A2FE-840B6488F950}"
EndProject
Global
	GlobalSection(NestedProjects) = preSolution
		{E9A81447-F0CF-4F42-A6B5-F105D0B98E9A} = {D6433839-F39D-4E30-A3B3-B8B3D2163946}
		{8E4C1F01-3E77-4460-AED3-703F3F8A9286} = {D6433839-F39D-4E30-A3B3-B8B3D2163946}
		{71958CC0-75EB-4570-96F6-E29C4CA3646F} = {D6433839-F39D-4E30-A3B3-B8B3D2163946}
		{63DC074E-00C7-4537-98EC-CA9CFA5D8884} = {D6433839-F39D-4E30-A3B3-B8B3D2163946}
		{AC981499-1224-4222-BE49-5AB178AFAED1} = {D6433839-F39D-4E30-A3B3-B8B3D2163946}
		{C5E9A312-C933-484C-8867-958F86EFE683} = {D6433839-F39D-4E30-A3B3-B8B3D2163946}
		{C0C8EB04-0473-46DD-8CA4-A6936A6598B5} = {D6433839-F39D-4E30-A3B3-B8B3D2163946}
		{E063D200-CE6A-4838-B24A-205A8674D909} = {D6433839-F39D-4E30-A3B3-B8B3D2163946}
		{C5F78D37-ECE5-4F12-BE24-7FFB454D67BB} = {D6433839-F39D-4E30-A3B3-B8B3D2163946}
		{2EEC46F9-25CE-4FD5-B352-2C1995A61473} = {D6433839-F39D-4E30-A3B3-B8B3D2163946}
		{984BF1FC-D303-4B92-A885-32254D084FF8} = {D6433839-F39D-4E30-A3B3-B8B3D2163946}
		{7E2D24F0-0FF6-4B26-8898-C1E206B8AB48} = {D6433839-F39D-4E30-A3B3-B8B3D2163946}
		{B32F28DE-1009-457F-8DB7-3E0BFE6425A7} = {D6433839-F39D-4E30-A3B3-B8B3D2163946}
		{8A4B0F38-71A1-4ABA-8741-DA17CD6FE3A1} = {D6433839-F39D-4E30-A3B3-B8B3D2163946}
		{79624970-8D3E-430B-B9EF-C75B8E8FF061} = {D6433839-F39D-4E30-A3B3-B8B3D2163946}
		{5A716787-000C-4357-845C-CFD36CD535DA} = {D6433839-F39D-4E30-A3B3-B8B3D2163946}
		{95AA84A9-3FBF-43FA-A21A-63E2F070DAEF} = {D6433839-F39D-4E30-A3B3-B8B3D2163946}
		{58675DE1-293B-422A-9D6B-AD40DEC09270} = {D6433839-F39D-4E30-A3B3-B8B3D2163946}
		{CB1468DA-DD75-4727-A445-274A5048237B} = {D6433839-F39D-4E30-A3B3-B8B3D2163946}
		{8038D2D4-56BE-43B4-A8C1-30C583C15386} = {D6433839-F39D-4E30-A3B3-B8B3D2163946}
		{8785BAB9-C9AD-4AA4-8589-7BE5A5BF0D87} = {D6433839-F39D-4E30-A3B3-B8B3D2163946}
		{602754DD-35D0-47C3-877C-47F0AB08EEB8} = {D6433839-F39D-4E30-A3B3-B8B3D2163946}
		{07712CEA-DC05-4396-8E9E-87F8C47B8E85} = {D6433839-F39D-4E30-A3B3-B8B3D2163946}
		{1E3CCD63-6BC4-4B22-9EB9-A9D2A6DCEFE3} = {D6433839-F39D-4E30-A3B3-B8B3D2163946}
		{1B235347-5538-4370-AAAE-56F76D8A4A2E} = {D6433839-F39D-4E30-A3B3-B8B3D2163946}
		{30CBEAD5-7BB0-42B8-8F48-C8C43A9A4BC3} = {D6433839-F39D-4E30-A3B3-B8B3D2163946}
		{438B1F66-8D5E-4448-826D-3E8C7413DEBF} = {D6433839-F39D-4E30-A3B3-B8B3D2163946}
		{18D7010F-77D6-48CA-A9A6-0750E3DA4EDE} = {D6433839-F39D-4E30-A3B3-B8B3D2163946}
		{26073755-1FBD-4210-9CFF-79E3D12EF05A} = {D6433839-F39D-4E30-A3B3-B8B3D2163946}
		{FE11981B-6549-4D46-B9F6-6006195F5417} = {D6433839-F39D-4E30-A3B3-B8B3D2163946}
		{4727C282-1E67-4E9A-9738-A2F5316DED12} = {D6433839-F39D-4E30-A3B3-B8B3D2163946}
		{60528479-A20D-4C28-99DC-E6D3658A47B5} = {D6433839-F39D-4E30-A3B3-B8B3D2163946}
		{74BDE09F-4D64-49A5-94A8-53DB91DBB6A3} = {D6433839-F39D-4E30-A3B3-B8B3D2163946}
		{6ACEABCE-3789-40B1-9E71-E2B99E56E2DD} = {D6433839-F39D-4E30-A3B3-B8B3D2163946}
		{D01689EA-4650-4F0A-B1F6-32DF6A787FC6} = {D6433839-F39D-4E30-A3B3-B8B3D2163946}
		{F8A5424C-D6EE-4924-9FCE-D73184F19B66} = {D6433839-F39D-4E30-A3B3-B8B3D2163946}
		{2637FF1B-D9BD-4F11-B5B0-29AD98CA980E} = {D6433839-F39D-4E30-A3B3-B8B3D2163946}
		{5ED4EBA7-E7B0-4A75-903C-139E71885637} = {D6433839-F39D-4E30-A3B3-B8B3D2163946}
		{561709DE-BA4C-466C-BF0C-88FF59068726} = {D6433839-F39D-4E30-A3B3-B8B3D2163946}
		{E716915B-CBD9-4A79-982F-7A84BB62A939} = {D6433839-F39D-4E30-A3B3-B8B3D2163946}
		{6C5136EA-AF62-4CF3-A6E9-8C1740BC3950} = {D6433839-F39D-4E30-A3B3-B8B3D2163946}
		{9B471C33-8CBC-49D4-9694-A4D24E59F86C} = {D6433839-F39D-4E30-A3B3-B8B3D2163946}
		{7CE8FD91-B83D-4AC1-A2FE-840B6488F950} = {D6433839-F39D-4E30-A3B3-B8B3D2163946}
	EndGlobalSection
	GlobalSection(SolutionConfigurationPlatforms) = preSolution
		Debug|Any CPU = Debug|Any CPU
		Debug|x64 = Debug|x64
		Debug|x86 = Debug|x86
		Release|Any CPU = Release|Any CPU
		Release|x64 = Release|x64
		Release|x86 = Release|x86
	EndGlobalSection
	GlobalSection(ProjectConfigurationPlatforms) = postSolution
		{7A09578E-CB49-4325-8B35-14FEDF70282A}.Debug|Any CPU.ActiveCfg = Debug|Any CPU
		{7A09578E-CB49-4325-8B35-14FEDF70282A}.Debug|Any CPU.Build.0 = Debug|Any CPU
		{7A09578E-CB49-4325-8B35-14FEDF70282A}.Debug|x64.ActiveCfg = Debug|Any CPU
		{7A09578E-CB49-4325-8B35-14FEDF70282A}.Debug|x64.Build.0 = Debug|Any CPU
		{7A09578E-CB49-4325-8B35-14FEDF70282A}.Debug|x86.ActiveCfg = Debug|Any CPU
		{7A09578E-CB49-4325-8B35-14FEDF70282A}.Debug|x86.Build.0 = Debug|Any CPU
		{7A09578E-CB49-4325-8B35-14FEDF70282A}.Release|Any CPU.ActiveCfg = Release|Any CPU
		{7A09578E-CB49-4325-8B35-14FEDF70282A}.Release|Any CPU.Build.0 = Release|Any CPU
		{7A09578E-CB49-4325-8B35-14FEDF70282A}.Release|x64.ActiveCfg = Release|Any CPU
		{7A09578E-CB49-4325-8B35-14FEDF70282A}.Release|x64.Build.0 = Release|Any CPU
		{7A09578E-CB49-4325-8B35-14FEDF70282A}.Release|x86.ActiveCfg = Release|Any CPU
		{7A09578E-CB49-4325-8B35-14FEDF70282A}.Release|x86.Build.0 = Release|Any CPU
		{C3EB9ED7-9AD2-49A8-AB85-15914D729BC5}.Debug|Any CPU.ActiveCfg = Debug|Any CPU
		{C3EB9ED7-9AD2-49A8-AB85-15914D729BC5}.Debug|Any CPU.Build.0 = Debug|Any CPU
		{C3EB9ED7-9AD2-49A8-AB85-15914D729BC5}.Debug|x64.ActiveCfg = Debug|Any CPU
		{C3EB9ED7-9AD2-49A8-AB85-15914D729BC5}.Debug|x64.Build.0 = Debug|Any CPU
		{C3EB9ED7-9AD2-49A8-AB85-15914D729BC5}.Debug|x86.ActiveCfg = Debug|Any CPU
		{C3EB9ED7-9AD2-49A8-AB85-15914D729BC5}.Debug|x86.Build.0 = Debug|Any CPU
		{C3EB9ED7-9AD2-49A8-AB85-15914D729BC5}.Release|Any CPU.ActiveCfg = Release|Any CPU
		{C3EB9ED7-9AD2-49A8-AB85-15914D729BC5}.Release|Any CPU.Build.0 = Release|Any CPU
		{C3EB9ED7-9AD2-49A8-AB85-15914D729BC5}.Release|x64.ActiveCfg = Release|Any CPU
		{C3EB9ED7-9AD2-49A8-AB85-15914D729BC5}.Release|x64.Build.0 = Release|Any CPU
		{C3EB9ED7-9AD2-49A8-AB85-15914D729BC5}.Release|x86.ActiveCfg = Release|Any CPU
		{C3EB9ED7-9AD2-49A8-AB85-15914D729BC5}.Release|x86.Build.0 = Release|Any CPU
		{E9A81447-F0CF-4F42-A6B5-F105D0B98E9A}.Debug|Any CPU.ActiveCfg = Debug|Any CPU
		{E9A81447-F0CF-4F42-A6B5-F105D0B98E9A}.Debug|Any CPU.Build.0 = Debug|Any CPU
		{E9A81447-F0CF-4F42-A6B5-F105D0B98E9A}.Debug|x64.ActiveCfg = Debug|Any CPU
		{E9A81447-F0CF-4F42-A6B5-F105D0B98E9A}.Debug|x64.Build.0 = Debug|Any CPU
		{E9A81447-F0CF-4F42-A6B5-F105D0B98E9A}.Debug|x86.ActiveCfg = Debug|Any CPU
		{E9A81447-F0CF-4F42-A6B5-F105D0B98E9A}.Debug|x86.Build.0 = Debug|Any CPU
		{E9A81447-F0CF-4F42-A6B5-F105D0B98E9A}.Release|Any CPU.ActiveCfg = Release|Any CPU
		{E9A81447-F0CF-4F42-A6B5-F105D0B98E9A}.Release|Any CPU.Build.0 = Release|Any CPU
		{E9A81447-F0CF-4F42-A6B5-F105D0B98E9A}.Release|x64.ActiveCfg = Release|Any CPU
		{E9A81447-F0CF-4F42-A6B5-F105D0B98E9A}.Release|x64.Build.0 = Release|Any CPU
		{E9A81447-F0CF-4F42-A6B5-F105D0B98E9A}.Release|x86.ActiveCfg = Release|Any CPU
		{E9A81447-F0CF-4F42-A6B5-F105D0B98E9A}.Release|x86.Build.0 = Release|Any CPU
		{8E4C1F01-3E77-4460-AED3-703F3F8A9286}.Debug|Any CPU.ActiveCfg = Debug|Any CPU
		{8E4C1F01-3E77-4460-AED3-703F3F8A9286}.Debug|Any CPU.Build.0 = Debug|Any CPU
		{8E4C1F01-3E77-4460-AED3-703F3F8A9286}.Debug|x64.ActiveCfg = Debug|Any CPU
		{8E4C1F01-3E77-4460-AED3-703F3F8A9286}.Debug|x64.Build.0 = Debug|Any CPU
		{8E4C1F01-3E77-4460-AED3-703F3F8A9286}.Debug|x86.ActiveCfg = Debug|Any CPU
		{8E4C1F01-3E77-4460-AED3-703F3F8A9286}.Debug|x86.Build.0 = Debug|Any CPU
		{8E4C1F01-3E77-4460-AED3-703F3F8A9286}.Release|Any CPU.ActiveCfg = Release|Any CPU
		{8E4C1F01-3E77-4460-AED3-703F3F8A9286}.Release|Any CPU.Build.0 = Release|Any CPU
		{8E4C1F01-3E77-4460-AED3-703F3F8A9286}.Release|x64.ActiveCfg = Release|Any CPU
		{8E4C1F01-3E77-4460-AED3-703F3F8A9286}.Release|x64.Build.0 = Release|Any CPU
		{8E4C1F01-3E77-4460-AED3-703F3F8A9286}.Release|x86.ActiveCfg = Release|Any CPU
		{8E4C1F01-3E77-4460-AED3-703F3F8A9286}.Release|x86.Build.0 = Release|Any CPU
		{71958CC0-75EB-4570-96F6-E29C4CA3646F}.Debug|Any CPU.ActiveCfg = Debug|Any CPU
		{71958CC0-75EB-4570-96F6-E29C4CA3646F}.Debug|Any CPU.Build.0 = Debug|Any CPU
		{71958CC0-75EB-4570-96F6-E29C4CA3646F}.Debug|x64.ActiveCfg = Debug|Any CPU
		{71958CC0-75EB-4570-96F6-E29C4CA3646F}.Debug|x64.Build.0 = Debug|Any CPU
		{71958CC0-75EB-4570-96F6-E29C4CA3646F}.Debug|x86.ActiveCfg = Debug|Any CPU
		{71958CC0-75EB-4570-96F6-E29C4CA3646F}.Debug|x86.Build.0 = Debug|Any CPU
		{71958CC0-75EB-4570-96F6-E29C4CA3646F}.Release|Any CPU.ActiveCfg = Release|Any CPU
		{71958CC0-75EB-4570-96F6-E29C4CA3646F}.Release|Any CPU.Build.0 = Release|Any CPU
		{71958CC0-75EB-4570-96F6-E29C4CA3646F}.Release|x64.ActiveCfg = Release|Any CPU
		{71958CC0-75EB-4570-96F6-E29C4CA3646F}.Release|x64.Build.0 = Release|Any CPU
		{71958CC0-75EB-4570-96F6-E29C4CA3646F}.Release|x86.ActiveCfg = Release|Any CPU
		{71958CC0-75EB-4570-96F6-E29C4CA3646F}.Release|x86.Build.0 = Release|Any CPU
		{63DC074E-00C7-4537-98EC-CA9CFA5D8884}.Debug|Any CPU.ActiveCfg = Debug|Any CPU
		{63DC074E-00C7-4537-98EC-CA9CFA5D8884}.Debug|Any CPU.Build.0 = Debug|Any CPU
		{63DC074E-00C7-4537-98EC-CA9CFA5D8884}.Debug|x64.ActiveCfg = Debug|Any CPU
		{63DC074E-00C7-4537-98EC-CA9CFA5D8884}.Debug|x64.Build.0 = Debug|Any CPU
		{63DC074E-00C7-4537-98EC-CA9CFA5D8884}.Debug|x86.ActiveCfg = Debug|Any CPU
		{63DC074E-00C7-4537-98EC-CA9CFA5D8884}.Debug|x86.Build.0 = Debug|Any CPU
		{63DC074E-00C7-4537-98EC-CA9CFA5D8884}.Release|Any CPU.ActiveCfg = Release|Any CPU
		{63DC074E-00C7-4537-98EC-CA9CFA5D8884}.Release|Any CPU.Build.0 = Release|Any CPU
		{63DC074E-00C7-4537-98EC-CA9CFA5D8884}.Release|x64.ActiveCfg = Release|Any CPU
		{63DC074E-00C7-4537-98EC-CA9CFA5D8884}.Release|x64.Build.0 = Release|Any CPU
		{63DC074E-00C7-4537-98EC-CA9CFA5D8884}.Release|x86.ActiveCfg = Release|Any CPU
		{63DC074E-00C7-4537-98EC-CA9CFA5D8884}.Release|x86.Build.0 = Release|Any CPU
		{069E756B-10C7-4BFC-99C1-148CCCD6B244}.Debug|Any CPU.ActiveCfg = Debug|Any CPU
		{069E756B-10C7-4BFC-99C1-148CCCD6B244}.Debug|Any CPU.Build.0 = Debug|Any CPU
		{069E756B-10C7-4BFC-99C1-148CCCD6B244}.Debug|x64.ActiveCfg = Debug|Any CPU
		{069E756B-10C7-4BFC-99C1-148CCCD6B244}.Debug|x64.Build.0 = Debug|Any CPU
		{069E756B-10C7-4BFC-99C1-148CCCD6B244}.Debug|x86.ActiveCfg = Debug|Any CPU
		{069E756B-10C7-4BFC-99C1-148CCCD6B244}.Debug|x86.Build.0 = Debug|Any CPU
		{069E756B-10C7-4BFC-99C1-148CCCD6B244}.Release|Any CPU.ActiveCfg = Release|Any CPU
		{069E756B-10C7-4BFC-99C1-148CCCD6B244}.Release|Any CPU.Build.0 = Release|Any CPU
		{069E756B-10C7-4BFC-99C1-148CCCD6B244}.Release|x64.ActiveCfg = Release|Any CPU
		{069E756B-10C7-4BFC-99C1-148CCCD6B244}.Release|x64.Build.0 = Release|Any CPU
		{069E756B-10C7-4BFC-99C1-148CCCD6B244}.Release|x86.ActiveCfg = Release|Any CPU
		{069E756B-10C7-4BFC-99C1-148CCCD6B244}.Release|x86.Build.0 = Release|Any CPU
		{AC981499-1224-4222-BE49-5AB178AFAED1}.Debug|Any CPU.ActiveCfg = Debug|Any CPU
		{AC981499-1224-4222-BE49-5AB178AFAED1}.Debug|Any CPU.Build.0 = Debug|Any CPU
		{AC981499-1224-4222-BE49-5AB178AFAED1}.Debug|x64.ActiveCfg = Debug|Any CPU
		{AC981499-1224-4222-BE49-5AB178AFAED1}.Debug|x64.Build.0 = Debug|Any CPU
		{AC981499-1224-4222-BE49-5AB178AFAED1}.Debug|x86.ActiveCfg = Debug|Any CPU
		{AC981499-1224-4222-BE49-5AB178AFAED1}.Debug|x86.Build.0 = Debug|Any CPU
		{AC981499-1224-4222-BE49-5AB178AFAED1}.Release|Any CPU.ActiveCfg = Release|Any CPU
		{AC981499-1224-4222-BE49-5AB178AFAED1}.Release|Any CPU.Build.0 = Release|Any CPU
		{AC981499-1224-4222-BE49-5AB178AFAED1}.Release|x64.ActiveCfg = Release|Any CPU
		{AC981499-1224-4222-BE49-5AB178AFAED1}.Release|x64.Build.0 = Release|Any CPU
		{AC981499-1224-4222-BE49-5AB178AFAED1}.Release|x86.ActiveCfg = Release|Any CPU
		{AC981499-1224-4222-BE49-5AB178AFAED1}.Release|x86.Build.0 = Release|Any CPU
		{82506EC2-5427-4E0A-8749-3CEE6301C129}.Debug|Any CPU.ActiveCfg = Debug|Any CPU
		{82506EC2-5427-4E0A-8749-3CEE6301C129}.Debug|Any CPU.Build.0 = Debug|Any CPU
		{82506EC2-5427-4E0A-8749-3CEE6301C129}.Debug|x64.ActiveCfg = Debug|Any CPU
		{82506EC2-5427-4E0A-8749-3CEE6301C129}.Debug|x64.Build.0 = Debug|Any CPU
		{82506EC2-5427-4E0A-8749-3CEE6301C129}.Debug|x86.ActiveCfg = Debug|Any CPU
		{82506EC2-5427-4E0A-8749-3CEE6301C129}.Debug|x86.Build.0 = Debug|Any CPU
		{82506EC2-5427-4E0A-8749-3CEE6301C129}.Release|Any CPU.ActiveCfg = Release|Any CPU
		{82506EC2-5427-4E0A-8749-3CEE6301C129}.Release|Any CPU.Build.0 = Release|Any CPU
		{82506EC2-5427-4E0A-8749-3CEE6301C129}.Release|x64.ActiveCfg = Release|Any CPU
		{82506EC2-5427-4E0A-8749-3CEE6301C129}.Release|x64.Build.0 = Release|Any CPU
		{82506EC2-5427-4E0A-8749-3CEE6301C129}.Release|x86.ActiveCfg = Release|Any CPU
		{82506EC2-5427-4E0A-8749-3CEE6301C129}.Release|x86.Build.0 = Release|Any CPU
		{C5E9A312-C933-484C-8867-958F86EFE683}.Debug|Any CPU.ActiveCfg = Debug|Any CPU
		{C5E9A312-C933-484C-8867-958F86EFE683}.Debug|Any CPU.Build.0 = Debug|Any CPU
		{C5E9A312-C933-484C-8867-958F86EFE683}.Debug|x64.ActiveCfg = Debug|Any CPU
		{C5E9A312-C933-484C-8867-958F86EFE683}.Debug|x64.Build.0 = Debug|Any CPU
		{C5E9A312-C933-484C-8867-958F86EFE683}.Debug|x86.ActiveCfg = Debug|Any CPU
		{C5E9A312-C933-484C-8867-958F86EFE683}.Debug|x86.Build.0 = Debug|Any CPU
		{C5E9A312-C933-484C-8867-958F86EFE683}.Release|Any CPU.ActiveCfg = Release|Any CPU
		{C5E9A312-C933-484C-8867-958F86EFE683}.Release|Any CPU.Build.0 = Release|Any CPU
		{C5E9A312-C933-484C-8867-958F86EFE683}.Release|x64.ActiveCfg = Release|Any CPU
		{C5E9A312-C933-484C-8867-958F86EFE683}.Release|x64.Build.0 = Release|Any CPU
		{C5E9A312-C933-484C-8867-958F86EFE683}.Release|x86.ActiveCfg = Release|Any CPU
		{C5E9A312-C933-484C-8867-958F86EFE683}.Release|x86.Build.0 = Release|Any CPU
		{C0C8EB04-0473-46DD-8CA4-A6936A6598B5}.Debug|Any CPU.ActiveCfg = Debug|Any CPU
		{C0C8EB04-0473-46DD-8CA4-A6936A6598B5}.Debug|Any CPU.Build.0 = Debug|Any CPU
		{C0C8EB04-0473-46DD-8CA4-A6936A6598B5}.Debug|x64.ActiveCfg = Debug|Any CPU
		{C0C8EB04-0473-46DD-8CA4-A6936A6598B5}.Debug|x64.Build.0 = Debug|Any CPU
		{C0C8EB04-0473-46DD-8CA4-A6936A6598B5}.Debug|x86.ActiveCfg = Debug|Any CPU
		{C0C8EB04-0473-46DD-8CA4-A6936A6598B5}.Debug|x86.Build.0 = Debug|Any CPU
		{C0C8EB04-0473-46DD-8CA4-A6936A6598B5}.Release|Any CPU.ActiveCfg = Release|Any CPU
		{C0C8EB04-0473-46DD-8CA4-A6936A6598B5}.Release|Any CPU.Build.0 = Release|Any CPU
		{C0C8EB04-0473-46DD-8CA4-A6936A6598B5}.Release|x64.ActiveCfg = Release|Any CPU
		{C0C8EB04-0473-46DD-8CA4-A6936A6598B5}.Release|x64.Build.0 = Release|Any CPU
		{C0C8EB04-0473-46DD-8CA4-A6936A6598B5}.Release|x86.ActiveCfg = Release|Any CPU
		{C0C8EB04-0473-46DD-8CA4-A6936A6598B5}.Release|x86.Build.0 = Release|Any CPU
		{E063D200-CE6A-4838-B24A-205A8674D909}.Debug|Any CPU.ActiveCfg = Debug|Any CPU
		{E063D200-CE6A-4838-B24A-205A8674D909}.Debug|Any CPU.Build.0 = Debug|Any CPU
		{E063D200-CE6A-4838-B24A-205A8674D909}.Debug|x64.ActiveCfg = Debug|Any CPU
		{E063D200-CE6A-4838-B24A-205A8674D909}.Debug|x64.Build.0 = Debug|Any CPU
		{E063D200-CE6A-4838-B24A-205A8674D909}.Debug|x86.ActiveCfg = Debug|Any CPU
		{E063D200-CE6A-4838-B24A-205A8674D909}.Debug|x86.Build.0 = Debug|Any CPU
		{E063D200-CE6A-4838-B24A-205A8674D909}.Release|Any CPU.ActiveCfg = Release|Any CPU
		{E063D200-CE6A-4838-B24A-205A8674D909}.Release|Any CPU.Build.0 = Release|Any CPU
		{E063D200-CE6A-4838-B24A-205A8674D909}.Release|x64.ActiveCfg = Release|Any CPU
		{E063D200-CE6A-4838-B24A-205A8674D909}.Release|x64.Build.0 = Release|Any CPU
		{E063D200-CE6A-4838-B24A-205A8674D909}.Release|x86.ActiveCfg = Release|Any CPU
		{E063D200-CE6A-4838-B24A-205A8674D909}.Release|x86.Build.0 = Release|Any CPU
		{C5F78D37-ECE5-4F12-BE24-7FFB454D67BB}.Debug|Any CPU.ActiveCfg = Debug|Any CPU
		{C5F78D37-ECE5-4F12-BE24-7FFB454D67BB}.Debug|Any CPU.Build.0 = Debug|Any CPU
		{C5F78D37-ECE5-4F12-BE24-7FFB454D67BB}.Debug|x64.ActiveCfg = Debug|Any CPU
		{C5F78D37-ECE5-4F12-BE24-7FFB454D67BB}.Debug|x64.Build.0 = Debug|Any CPU
		{C5F78D37-ECE5-4F12-BE24-7FFB454D67BB}.Debug|x86.ActiveCfg = Debug|Any CPU
		{C5F78D37-ECE5-4F12-BE24-7FFB454D67BB}.Debug|x86.Build.0 = Debug|Any CPU
		{C5F78D37-ECE5-4F12-BE24-7FFB454D67BB}.Release|Any CPU.ActiveCfg = Release|Any CPU
		{C5F78D37-ECE5-4F12-BE24-7FFB454D67BB}.Release|Any CPU.Build.0 = Release|Any CPU
		{C5F78D37-ECE5-4F12-BE24-7FFB454D67BB}.Release|x64.ActiveCfg = Release|Any CPU
		{C5F78D37-ECE5-4F12-BE24-7FFB454D67BB}.Release|x64.Build.0 = Release|Any CPU
		{C5F78D37-ECE5-4F12-BE24-7FFB454D67BB}.Release|x86.ActiveCfg = Release|Any CPU
		{C5F78D37-ECE5-4F12-BE24-7FFB454D67BB}.Release|x86.Build.0 = Release|Any CPU
		{2EEC46F9-25CE-4FD5-B352-2C1995A61473}.Debug|Any CPU.ActiveCfg = Debug|Any CPU
		{2EEC46F9-25CE-4FD5-B352-2C1995A61473}.Debug|Any CPU.Build.0 = Debug|Any CPU
		{2EEC46F9-25CE-4FD5-B352-2C1995A61473}.Debug|x64.ActiveCfg = Debug|Any CPU
		{2EEC46F9-25CE-4FD5-B352-2C1995A61473}.Debug|x64.Build.0 = Debug|Any CPU
		{2EEC46F9-25CE-4FD5-B352-2C1995A61473}.Debug|x86.ActiveCfg = Debug|Any CPU
		{2EEC46F9-25CE-4FD5-B352-2C1995A61473}.Debug|x86.Build.0 = Debug|Any CPU
		{2EEC46F9-25CE-4FD5-B352-2C1995A61473}.Release|Any CPU.ActiveCfg = Release|Any CPU
		{2EEC46F9-25CE-4FD5-B352-2C1995A61473}.Release|Any CPU.Build.0 = Release|Any CPU
		{2EEC46F9-25CE-4FD5-B352-2C1995A61473}.Release|x64.ActiveCfg = Release|Any CPU
		{2EEC46F9-25CE-4FD5-B352-2C1995A61473}.Release|x64.Build.0 = Release|Any CPU
		{2EEC46F9-25CE-4FD5-B352-2C1995A61473}.Release|x86.ActiveCfg = Release|Any CPU
		{2EEC46F9-25CE-4FD5-B352-2C1995A61473}.Release|x86.Build.0 = Release|Any CPU
		{984BF1FC-D303-4B92-A885-32254D084FF8}.Debug|Any CPU.ActiveCfg = Debug|Any CPU
		{984BF1FC-D303-4B92-A885-32254D084FF8}.Debug|Any CPU.Build.0 = Debug|Any CPU
		{984BF1FC-D303-4B92-A885-32254D084FF8}.Debug|x64.ActiveCfg = Debug|Any CPU
		{984BF1FC-D303-4B92-A885-32254D084FF8}.Debug|x64.Build.0 = Debug|Any CPU
		{984BF1FC-D303-4B92-A885-32254D084FF8}.Debug|x86.ActiveCfg = Debug|Any CPU
		{984BF1FC-D303-4B92-A885-32254D084FF8}.Debug|x86.Build.0 = Debug|Any CPU
		{984BF1FC-D303-4B92-A885-32254D084FF8}.Release|Any CPU.ActiveCfg = Release|Any CPU
		{984BF1FC-D303-4B92-A885-32254D084FF8}.Release|Any CPU.Build.0 = Release|Any CPU
		{984BF1FC-D303-4B92-A885-32254D084FF8}.Release|x64.ActiveCfg = Release|Any CPU
		{984BF1FC-D303-4B92-A885-32254D084FF8}.Release|x64.Build.0 = Release|Any CPU
		{984BF1FC-D303-4B92-A885-32254D084FF8}.Release|x86.ActiveCfg = Release|Any CPU
		{984BF1FC-D303-4B92-A885-32254D084FF8}.Release|x86.Build.0 = Release|Any CPU
		{7E2D24F0-0FF6-4B26-8898-C1E206B8AB48}.Debug|Any CPU.ActiveCfg = Debug|Any CPU
		{7E2D24F0-0FF6-4B26-8898-C1E206B8AB48}.Debug|Any CPU.Build.0 = Debug|Any CPU
		{7E2D24F0-0FF6-4B26-8898-C1E206B8AB48}.Debug|x64.ActiveCfg = Debug|Any CPU
		{7E2D24F0-0FF6-4B26-8898-C1E206B8AB48}.Debug|x64.Build.0 = Debug|Any CPU
		{7E2D24F0-0FF6-4B26-8898-C1E206B8AB48}.Debug|x86.ActiveCfg = Debug|Any CPU
		{7E2D24F0-0FF6-4B26-8898-C1E206B8AB48}.Debug|x86.Build.0 = Debug|Any CPU
		{7E2D24F0-0FF6-4B26-8898-C1E206B8AB48}.Release|Any CPU.ActiveCfg = Release|Any CPU
		{7E2D24F0-0FF6-4B26-8898-C1E206B8AB48}.Release|Any CPU.Build.0 = Release|Any CPU
		{7E2D24F0-0FF6-4B26-8898-C1E206B8AB48}.Release|x64.ActiveCfg = Release|Any CPU
		{7E2D24F0-0FF6-4B26-8898-C1E206B8AB48}.Release|x64.Build.0 = Release|Any CPU
		{7E2D24F0-0FF6-4B26-8898-C1E206B8AB48}.Release|x86.ActiveCfg = Release|Any CPU
		{7E2D24F0-0FF6-4B26-8898-C1E206B8AB48}.Release|x86.Build.0 = Release|Any CPU
		{B32F28DE-1009-457F-8DB7-3E0BFE6425A7}.Debug|Any CPU.ActiveCfg = Debug|Any CPU
		{B32F28DE-1009-457F-8DB7-3E0BFE6425A7}.Debug|Any CPU.Build.0 = Debug|Any CPU
		{B32F28DE-1009-457F-8DB7-3E0BFE6425A7}.Debug|x64.ActiveCfg = Debug|Any CPU
		{B32F28DE-1009-457F-8DB7-3E0BFE6425A7}.Debug|x64.Build.0 = Debug|Any CPU
		{B32F28DE-1009-457F-8DB7-3E0BFE6425A7}.Debug|x86.ActiveCfg = Debug|Any CPU
		{B32F28DE-1009-457F-8DB7-3E0BFE6425A7}.Debug|x86.Build.0 = Debug|Any CPU
		{B32F28DE-1009-457F-8DB7-3E0BFE6425A7}.Release|Any CPU.ActiveCfg = Release|Any CPU
		{B32F28DE-1009-457F-8DB7-3E0BFE6425A7}.Release|Any CPU.Build.0 = Release|Any CPU
		{B32F28DE-1009-457F-8DB7-3E0BFE6425A7}.Release|x64.ActiveCfg = Release|Any CPU
		{B32F28DE-1009-457F-8DB7-3E0BFE6425A7}.Release|x64.Build.0 = Release|Any CPU
		{B32F28DE-1009-457F-8DB7-3E0BFE6425A7}.Release|x86.ActiveCfg = Release|Any CPU
		{B32F28DE-1009-457F-8DB7-3E0BFE6425A7}.Release|x86.Build.0 = Release|Any CPU
		{8A4B0F38-71A1-4ABA-8741-DA17CD6FE3A1}.Debug|Any CPU.ActiveCfg = Debug|Any CPU
		{8A4B0F38-71A1-4ABA-8741-DA17CD6FE3A1}.Debug|Any CPU.Build.0 = Debug|Any CPU
		{8A4B0F38-71A1-4ABA-8741-DA17CD6FE3A1}.Debug|x64.ActiveCfg = Debug|Any CPU
		{8A4B0F38-71A1-4ABA-8741-DA17CD6FE3A1}.Debug|x64.Build.0 = Debug|Any CPU
		{8A4B0F38-71A1-4ABA-8741-DA17CD6FE3A1}.Debug|x86.ActiveCfg = Debug|Any CPU
		{8A4B0F38-71A1-4ABA-8741-DA17CD6FE3A1}.Debug|x86.Build.0 = Debug|Any CPU
		{8A4B0F38-71A1-4ABA-8741-DA17CD6FE3A1}.Release|Any CPU.ActiveCfg = Release|Any CPU
		{8A4B0F38-71A1-4ABA-8741-DA17CD6FE3A1}.Release|Any CPU.Build.0 = Release|Any CPU
		{8A4B0F38-71A1-4ABA-8741-DA17CD6FE3A1}.Release|x64.ActiveCfg = Release|Any CPU
		{8A4B0F38-71A1-4ABA-8741-DA17CD6FE3A1}.Release|x64.Build.0 = Release|Any CPU
		{8A4B0F38-71A1-4ABA-8741-DA17CD6FE3A1}.Release|x86.ActiveCfg = Release|Any CPU
		{8A4B0F38-71A1-4ABA-8741-DA17CD6FE3A1}.Release|x86.Build.0 = Release|Any CPU
		{79624970-8D3E-430B-B9EF-C75B8E8FF061}.Debug|Any CPU.ActiveCfg = Debug|Any CPU
		{79624970-8D3E-430B-B9EF-C75B8E8FF061}.Debug|Any CPU.Build.0 = Debug|Any CPU
		{79624970-8D3E-430B-B9EF-C75B8E8FF061}.Debug|x64.ActiveCfg = Debug|Any CPU
		{79624970-8D3E-430B-B9EF-C75B8E8FF061}.Debug|x64.Build.0 = Debug|Any CPU
		{79624970-8D3E-430B-B9EF-C75B8E8FF061}.Debug|x86.ActiveCfg = Debug|Any CPU
		{79624970-8D3E-430B-B9EF-C75B8E8FF061}.Debug|x86.Build.0 = Debug|Any CPU
		{79624970-8D3E-430B-B9EF-C75B8E8FF061}.Release|Any CPU.ActiveCfg = Release|Any CPU
		{79624970-8D3E-430B-B9EF-C75B8E8FF061}.Release|Any CPU.Build.0 = Release|Any CPU
		{79624970-8D3E-430B-B9EF-C75B8E8FF061}.Release|x64.ActiveCfg = Release|Any CPU
		{79624970-8D3E-430B-B9EF-C75B8E8FF061}.Release|x64.Build.0 = Release|Any CPU
		{79624970-8D3E-430B-B9EF-C75B8E8FF061}.Release|x86.ActiveCfg = Release|Any CPU
		{79624970-8D3E-430B-B9EF-C75B8E8FF061}.Release|x86.Build.0 = Release|Any CPU
		{5A716787-000C-4357-845C-CFD36CD535DA}.Debug|Any CPU.ActiveCfg = Debug|Any CPU
		{5A716787-000C-4357-845C-CFD36CD535DA}.Debug|Any CPU.Build.0 = Debug|Any CPU
		{5A716787-000C-4357-845C-CFD36CD535DA}.Debug|x64.ActiveCfg = Debug|Any CPU
		{5A716787-000C-4357-845C-CFD36CD535DA}.Debug|x64.Build.0 = Debug|Any CPU
		{5A716787-000C-4357-845C-CFD36CD535DA}.Debug|x86.ActiveCfg = Debug|Any CPU
		{5A716787-000C-4357-845C-CFD36CD535DA}.Debug|x86.Build.0 = Debug|Any CPU
		{5A716787-000C-4357-845C-CFD36CD535DA}.Release|Any CPU.ActiveCfg = Release|Any CPU
		{5A716787-000C-4357-845C-CFD36CD535DA}.Release|Any CPU.Build.0 = Release|Any CPU
		{5A716787-000C-4357-845C-CFD36CD535DA}.Release|x64.ActiveCfg = Release|Any CPU
		{5A716787-000C-4357-845C-CFD36CD535DA}.Release|x64.Build.0 = Release|Any CPU
		{5A716787-000C-4357-845C-CFD36CD535DA}.Release|x86.ActiveCfg = Release|Any CPU
		{5A716787-000C-4357-845C-CFD36CD535DA}.Release|x86.Build.0 = Release|Any CPU
		{95AA84A9-3FBF-43FA-A21A-63E2F070DAEF}.Debug|Any CPU.ActiveCfg = Debug|Any CPU
		{95AA84A9-3FBF-43FA-A21A-63E2F070DAEF}.Debug|Any CPU.Build.0 = Debug|Any CPU
		{95AA84A9-3FBF-43FA-A21A-63E2F070DAEF}.Debug|x64.ActiveCfg = Debug|Any CPU
		{95AA84A9-3FBF-43FA-A21A-63E2F070DAEF}.Debug|x64.Build.0 = Debug|Any CPU
		{95AA84A9-3FBF-43FA-A21A-63E2F070DAEF}.Debug|x86.ActiveCfg = Debug|Any CPU
		{95AA84A9-3FBF-43FA-A21A-63E2F070DAEF}.Debug|x86.Build.0 = Debug|Any CPU
		{95AA84A9-3FBF-43FA-A21A-63E2F070DAEF}.Release|Any CPU.ActiveCfg = Release|Any CPU
		{95AA84A9-3FBF-43FA-A21A-63E2F070DAEF}.Release|Any CPU.Build.0 = Release|Any CPU
		{95AA84A9-3FBF-43FA-A21A-63E2F070DAEF}.Release|x64.ActiveCfg = Release|Any CPU
		{95AA84A9-3FBF-43FA-A21A-63E2F070DAEF}.Release|x64.Build.0 = Release|Any CPU
		{95AA84A9-3FBF-43FA-A21A-63E2F070DAEF}.Release|x86.ActiveCfg = Release|Any CPU
		{95AA84A9-3FBF-43FA-A21A-63E2F070DAEF}.Release|x86.Build.0 = Release|Any CPU
		{80747D64-7664-489D-A7C8-3C03524FD2D5}.Debug|Any CPU.ActiveCfg = Debug|Any CPU
		{80747D64-7664-489D-A7C8-3C03524FD2D5}.Debug|Any CPU.Build.0 = Debug|Any CPU
		{80747D64-7664-489D-A7C8-3C03524FD2D5}.Debug|x64.ActiveCfg = Debug|Any CPU
		{80747D64-7664-489D-A7C8-3C03524FD2D5}.Debug|x64.Build.0 = Debug|Any CPU
		{80747D64-7664-489D-A7C8-3C03524FD2D5}.Debug|x86.ActiveCfg = Debug|Any CPU
		{80747D64-7664-489D-A7C8-3C03524FD2D5}.Debug|x86.Build.0 = Debug|Any CPU
		{80747D64-7664-489D-A7C8-3C03524FD2D5}.Release|Any CPU.ActiveCfg = Release|Any CPU
		{80747D64-7664-489D-A7C8-3C03524FD2D5}.Release|Any CPU.Build.0 = Release|Any CPU
		{80747D64-7664-489D-A7C8-3C03524FD2D5}.Release|x64.ActiveCfg = Release|Any CPU
		{80747D64-7664-489D-A7C8-3C03524FD2D5}.Release|x64.Build.0 = Release|Any CPU
		{80747D64-7664-489D-A7C8-3C03524FD2D5}.Release|x86.ActiveCfg = Release|Any CPU
		{80747D64-7664-489D-A7C8-3C03524FD2D5}.Release|x86.Build.0 = Release|Any CPU
		{58675DE1-293B-422A-9D6B-AD40DEC09270}.Debug|Any CPU.ActiveCfg = Debug|Any CPU
		{58675DE1-293B-422A-9D6B-AD40DEC09270}.Debug|Any CPU.Build.0 = Debug|Any CPU
		{58675DE1-293B-422A-9D6B-AD40DEC09270}.Debug|x64.ActiveCfg = Debug|Any CPU
		{58675DE1-293B-422A-9D6B-AD40DEC09270}.Debug|x64.Build.0 = Debug|Any CPU
		{58675DE1-293B-422A-9D6B-AD40DEC09270}.Debug|x86.ActiveCfg = Debug|Any CPU
		{58675DE1-293B-422A-9D6B-AD40DEC09270}.Debug|x86.Build.0 = Debug|Any CPU
		{58675DE1-293B-422A-9D6B-AD40DEC09270}.Release|Any CPU.ActiveCfg = Release|Any CPU
		{58675DE1-293B-422A-9D6B-AD40DEC09270}.Release|Any CPU.Build.0 = Release|Any CPU
		{58675DE1-293B-422A-9D6B-AD40DEC09270}.Release|x64.ActiveCfg = Release|Any CPU
		{58675DE1-293B-422A-9D6B-AD40DEC09270}.Release|x64.Build.0 = Release|Any CPU
		{58675DE1-293B-422A-9D6B-AD40DEC09270}.Release|x86.ActiveCfg = Release|Any CPU
		{58675DE1-293B-422A-9D6B-AD40DEC09270}.Release|x86.Build.0 = Release|Any CPU
		{CB1468DA-DD75-4727-A445-274A5048237B}.Debug|Any CPU.ActiveCfg = Debug|Any CPU
		{CB1468DA-DD75-4727-A445-274A5048237B}.Debug|Any CPU.Build.0 = Debug|Any CPU
		{CB1468DA-DD75-4727-A445-274A5048237B}.Debug|x64.ActiveCfg = Debug|Any CPU
		{CB1468DA-DD75-4727-A445-274A5048237B}.Debug|x64.Build.0 = Debug|Any CPU
		{CB1468DA-DD75-4727-A445-274A5048237B}.Debug|x86.ActiveCfg = Debug|Any CPU
		{CB1468DA-DD75-4727-A445-274A5048237B}.Debug|x86.Build.0 = Debug|Any CPU
		{CB1468DA-DD75-4727-A445-274A5048237B}.Release|Any CPU.ActiveCfg = Release|Any CPU
		{CB1468DA-DD75-4727-A445-274A5048237B}.Release|Any CPU.Build.0 = Release|Any CPU
		{CB1468DA-DD75-4727-A445-274A5048237B}.Release|x64.ActiveCfg = Release|Any CPU
		{CB1468DA-DD75-4727-A445-274A5048237B}.Release|x64.Build.0 = Release|Any CPU
		{CB1468DA-DD75-4727-A445-274A5048237B}.Release|x86.ActiveCfg = Release|Any CPU
		{CB1468DA-DD75-4727-A445-274A5048237B}.Release|x86.Build.0 = Release|Any CPU
		{8038D2D4-56BE-43B4-A8C1-30C583C15386}.Debug|Any CPU.ActiveCfg = Debug|Any CPU
		{8038D2D4-56BE-43B4-A8C1-30C583C15386}.Debug|Any CPU.Build.0 = Debug|Any CPU
		{8038D2D4-56BE-43B4-A8C1-30C583C15386}.Debug|x64.ActiveCfg = Debug|Any CPU
		{8038D2D4-56BE-43B4-A8C1-30C583C15386}.Debug|x64.Build.0 = Debug|Any CPU
		{8038D2D4-56BE-43B4-A8C1-30C583C15386}.Debug|x86.ActiveCfg = Debug|Any CPU
		{8038D2D4-56BE-43B4-A8C1-30C583C15386}.Debug|x86.Build.0 = Debug|Any CPU
		{8038D2D4-56BE-43B4-A8C1-30C583C15386}.Release|Any CPU.ActiveCfg = Release|Any CPU
		{8038D2D4-56BE-43B4-A8C1-30C583C15386}.Release|Any CPU.Build.0 = Release|Any CPU
		{8038D2D4-56BE-43B4-A8C1-30C583C15386}.Release|x64.ActiveCfg = Release|Any CPU
		{8038D2D4-56BE-43B4-A8C1-30C583C15386}.Release|x64.Build.0 = Release|Any CPU
		{8038D2D4-56BE-43B4-A8C1-30C583C15386}.Release|x86.ActiveCfg = Release|Any CPU
		{8038D2D4-56BE-43B4-A8C1-30C583C15386}.Release|x86.Build.0 = Release|Any CPU
		{8785BAB9-C9AD-4AA4-8589-7BE5A5BF0D87}.Debug|Any CPU.ActiveCfg = Debug|Any CPU
		{8785BAB9-C9AD-4AA4-8589-7BE5A5BF0D87}.Debug|Any CPU.Build.0 = Debug|Any CPU
		{8785BAB9-C9AD-4AA4-8589-7BE5A5BF0D87}.Debug|x64.ActiveCfg = Debug|Any CPU
		{8785BAB9-C9AD-4AA4-8589-7BE5A5BF0D87}.Debug|x64.Build.0 = Debug|Any CPU
		{8785BAB9-C9AD-4AA4-8589-7BE5A5BF0D87}.Debug|x86.ActiveCfg = Debug|Any CPU
		{8785BAB9-C9AD-4AA4-8589-7BE5A5BF0D87}.Debug|x86.Build.0 = Debug|Any CPU
		{8785BAB9-C9AD-4AA4-8589-7BE5A5BF0D87}.Release|Any CPU.ActiveCfg = Release|Any CPU
		{8785BAB9-C9AD-4AA4-8589-7BE5A5BF0D87}.Release|Any CPU.Build.0 = Release|Any CPU
		{8785BAB9-C9AD-4AA4-8589-7BE5A5BF0D87}.Release|x64.ActiveCfg = Release|Any CPU
		{8785BAB9-C9AD-4AA4-8589-7BE5A5BF0D87}.Release|x64.Build.0 = Release|Any CPU
		{8785BAB9-C9AD-4AA4-8589-7BE5A5BF0D87}.Release|x86.ActiveCfg = Release|Any CPU
		{8785BAB9-C9AD-4AA4-8589-7BE5A5BF0D87}.Release|x86.Build.0 = Release|Any CPU
		{602754DD-35D0-47C3-877C-47F0AB08EEB8}.Debug|Any CPU.ActiveCfg = Debug|Any CPU
		{602754DD-35D0-47C3-877C-47F0AB08EEB8}.Debug|Any CPU.Build.0 = Debug|Any CPU
		{602754DD-35D0-47C3-877C-47F0AB08EEB8}.Debug|x64.ActiveCfg = Debug|Any CPU
		{602754DD-35D0-47C3-877C-47F0AB08EEB8}.Debug|x64.Build.0 = Debug|Any CPU
		{602754DD-35D0-47C3-877C-47F0AB08EEB8}.Debug|x86.ActiveCfg = Debug|Any CPU
		{602754DD-35D0-47C3-877C-47F0AB08EEB8}.Debug|x86.Build.0 = Debug|Any CPU
		{602754DD-35D0-47C3-877C-47F0AB08EEB8}.Release|Any CPU.ActiveCfg = Release|Any CPU
		{602754DD-35D0-47C3-877C-47F0AB08EEB8}.Release|Any CPU.Build.0 = Release|Any CPU
		{602754DD-35D0-47C3-877C-47F0AB08EEB8}.Release|x64.ActiveCfg = Release|Any CPU
		{602754DD-35D0-47C3-877C-47F0AB08EEB8}.Release|x64.Build.0 = Release|Any CPU
		{602754DD-35D0-47C3-877C-47F0AB08EEB8}.Release|x86.ActiveCfg = Release|Any CPU
		{602754DD-35D0-47C3-877C-47F0AB08EEB8}.Release|x86.Build.0 = Release|Any CPU
		{07712CEA-DC05-4396-8E9E-87F8C47B8E85}.Debug|Any CPU.ActiveCfg = Debug|Any CPU
		{07712CEA-DC05-4396-8E9E-87F8C47B8E85}.Debug|Any CPU.Build.0 = Debug|Any CPU
		{07712CEA-DC05-4396-8E9E-87F8C47B8E85}.Debug|x64.ActiveCfg = Debug|Any CPU
		{07712CEA-DC05-4396-8E9E-87F8C47B8E85}.Debug|x64.Build.0 = Debug|Any CPU
		{07712CEA-DC05-4396-8E9E-87F8C47B8E85}.Debug|x86.ActiveCfg = Debug|Any CPU
		{07712CEA-DC05-4396-8E9E-87F8C47B8E85}.Debug|x86.Build.0 = Debug|Any CPU
		{07712CEA-DC05-4396-8E9E-87F8C47B8E85}.Release|Any CPU.ActiveCfg = Release|Any CPU
		{07712CEA-DC05-4396-8E9E-87F8C47B8E85}.Release|Any CPU.Build.0 = Release|Any CPU
		{07712CEA-DC05-4396-8E9E-87F8C47B8E85}.Release|x64.ActiveCfg = Release|Any CPU
		{07712CEA-DC05-4396-8E9E-87F8C47B8E85}.Release|x64.Build.0 = Release|Any CPU
		{07712CEA-DC05-4396-8E9E-87F8C47B8E85}.Release|x86.ActiveCfg = Release|Any CPU
		{07712CEA-DC05-4396-8E9E-87F8C47B8E85}.Release|x86.Build.0 = Release|Any CPU
		{1E3CCD63-6BC4-4B22-9EB9-A9D2A6DCEFE3}.Debug|Any CPU.ActiveCfg = Debug|Any CPU
		{1E3CCD63-6BC4-4B22-9EB9-A9D2A6DCEFE3}.Debug|Any CPU.Build.0 = Debug|Any CPU
		{1E3CCD63-6BC4-4B22-9EB9-A9D2A6DCEFE3}.Debug|x64.ActiveCfg = Debug|Any CPU
		{1E3CCD63-6BC4-4B22-9EB9-A9D2A6DCEFE3}.Debug|x64.Build.0 = Debug|Any CPU
		{1E3CCD63-6BC4-4B22-9EB9-A9D2A6DCEFE3}.Debug|x86.ActiveCfg = Debug|Any CPU
		{1E3CCD63-6BC4-4B22-9EB9-A9D2A6DCEFE3}.Debug|x86.Build.0 = Debug|Any CPU
		{1E3CCD63-6BC4-4B22-9EB9-A9D2A6DCEFE3}.Release|Any CPU.ActiveCfg = Release|Any CPU
		{1E3CCD63-6BC4-4B22-9EB9-A9D2A6DCEFE3}.Release|Any CPU.Build.0 = Release|Any CPU
		{1E3CCD63-6BC4-4B22-9EB9-A9D2A6DCEFE3}.Release|x64.ActiveCfg = Release|Any CPU
		{1E3CCD63-6BC4-4B22-9EB9-A9D2A6DCEFE3}.Release|x64.Build.0 = Release|Any CPU
		{1E3CCD63-6BC4-4B22-9EB9-A9D2A6DCEFE3}.Release|x86.ActiveCfg = Release|Any CPU
		{1E3CCD63-6BC4-4B22-9EB9-A9D2A6DCEFE3}.Release|x86.Build.0 = Release|Any CPU
		{1B235347-5538-4370-AAAE-56F76D8A4A2E}.Debug|Any CPU.ActiveCfg = Debug|Any CPU
		{1B235347-5538-4370-AAAE-56F76D8A4A2E}.Debug|Any CPU.Build.0 = Debug|Any CPU
		{1B235347-5538-4370-AAAE-56F76D8A4A2E}.Debug|x64.ActiveCfg = Debug|Any CPU
		{1B235347-5538-4370-AAAE-56F76D8A4A2E}.Debug|x64.Build.0 = Debug|Any CPU
		{1B235347-5538-4370-AAAE-56F76D8A4A2E}.Debug|x86.ActiveCfg = Debug|Any CPU
		{1B235347-5538-4370-AAAE-56F76D8A4A2E}.Debug|x86.Build.0 = Debug|Any CPU
		{1B235347-5538-4370-AAAE-56F76D8A4A2E}.Release|Any CPU.ActiveCfg = Release|Any CPU
		{1B235347-5538-4370-AAAE-56F76D8A4A2E}.Release|Any CPU.Build.0 = Release|Any CPU
		{1B235347-5538-4370-AAAE-56F76D8A4A2E}.Release|x64.ActiveCfg = Release|Any CPU
		{1B235347-5538-4370-AAAE-56F76D8A4A2E}.Release|x64.Build.0 = Release|Any CPU
		{1B235347-5538-4370-AAAE-56F76D8A4A2E}.Release|x86.ActiveCfg = Release|Any CPU
		{1B235347-5538-4370-AAAE-56F76D8A4A2E}.Release|x86.Build.0 = Release|Any CPU
		{30CBEAD5-7BB0-42B8-8F48-C8C43A9A4BC3}.Debug|Any CPU.ActiveCfg = Debug|Any CPU
		{30CBEAD5-7BB0-42B8-8F48-C8C43A9A4BC3}.Debug|Any CPU.Build.0 = Debug|Any CPU
		{30CBEAD5-7BB0-42B8-8F48-C8C43A9A4BC3}.Debug|x64.ActiveCfg = Debug|Any CPU
		{30CBEAD5-7BB0-42B8-8F48-C8C43A9A4BC3}.Debug|x64.Build.0 = Debug|Any CPU
		{30CBEAD5-7BB0-42B8-8F48-C8C43A9A4BC3}.Debug|x86.ActiveCfg = Debug|Any CPU
		{30CBEAD5-7BB0-42B8-8F48-C8C43A9A4BC3}.Debug|x86.Build.0 = Debug|Any CPU
		{30CBEAD5-7BB0-42B8-8F48-C8C43A9A4BC3}.Release|Any CPU.ActiveCfg = Release|Any CPU
		{30CBEAD5-7BB0-42B8-8F48-C8C43A9A4BC3}.Release|Any CPU.Build.0 = Release|Any CPU
		{30CBEAD5-7BB0-42B8-8F48-C8C43A9A4BC3}.Release|x64.ActiveCfg = Release|Any CPU
		{30CBEAD5-7BB0-42B8-8F48-C8C43A9A4BC3}.Release|x64.Build.0 = Release|Any CPU
		{30CBEAD5-7BB0-42B8-8F48-C8C43A9A4BC3}.Release|x86.ActiveCfg = Release|Any CPU
		{30CBEAD5-7BB0-42B8-8F48-C8C43A9A4BC3}.Release|x86.Build.0 = Release|Any CPU
		{438B1F66-8D5E-4448-826D-3E8C7413DEBF}.Debug|Any CPU.ActiveCfg = Debug|Any CPU
		{438B1F66-8D5E-4448-826D-3E8C7413DEBF}.Debug|Any CPU.Build.0 = Debug|Any CPU
		{438B1F66-8D5E-4448-826D-3E8C7413DEBF}.Debug|x64.ActiveCfg = Debug|Any CPU
		{438B1F66-8D5E-4448-826D-3E8C7413DEBF}.Debug|x64.Build.0 = Debug|Any CPU
		{438B1F66-8D5E-4448-826D-3E8C7413DEBF}.Debug|x86.ActiveCfg = Debug|Any CPU
		{438B1F66-8D5E-4448-826D-3E8C7413DEBF}.Debug|x86.Build.0 = Debug|Any CPU
		{438B1F66-8D5E-4448-826D-3E8C7413DEBF}.Release|Any CPU.ActiveCfg = Release|Any CPU
		{438B1F66-8D5E-4448-826D-3E8C7413DEBF}.Release|Any CPU.Build.0 = Release|Any CPU
		{438B1F66-8D5E-4448-826D-3E8C7413DEBF}.Release|x64.ActiveCfg = Release|Any CPU
		{438B1F66-8D5E-4448-826D-3E8C7413DEBF}.Release|x64.Build.0 = Release|Any CPU
		{438B1F66-8D5E-4448-826D-3E8C7413DEBF}.Release|x86.ActiveCfg = Release|Any CPU
		{438B1F66-8D5E-4448-826D-3E8C7413DEBF}.Release|x86.Build.0 = Release|Any CPU
		{18D7010F-77D6-48CA-A9A6-0750E3DA4EDE}.Debug|Any CPU.ActiveCfg = Debug|Any CPU
		{18D7010F-77D6-48CA-A9A6-0750E3DA4EDE}.Debug|Any CPU.Build.0 = Debug|Any CPU
		{18D7010F-77D6-48CA-A9A6-0750E3DA4EDE}.Debug|x64.ActiveCfg = Debug|Any CPU
		{18D7010F-77D6-48CA-A9A6-0750E3DA4EDE}.Debug|x64.Build.0 = Debug|Any CPU
		{18D7010F-77D6-48CA-A9A6-0750E3DA4EDE}.Debug|x86.ActiveCfg = Debug|Any CPU
		{18D7010F-77D6-48CA-A9A6-0750E3DA4EDE}.Debug|x86.Build.0 = Debug|Any CPU
		{18D7010F-77D6-48CA-A9A6-0750E3DA4EDE}.Release|Any CPU.ActiveCfg = Release|Any CPU
		{18D7010F-77D6-48CA-A9A6-0750E3DA4EDE}.Release|Any CPU.Build.0 = Release|Any CPU
		{18D7010F-77D6-48CA-A9A6-0750E3DA4EDE}.Release|x64.ActiveCfg = Release|Any CPU
		{18D7010F-77D6-48CA-A9A6-0750E3DA4EDE}.Release|x64.Build.0 = Release|Any CPU
		{18D7010F-77D6-48CA-A9A6-0750E3DA4EDE}.Release|x86.ActiveCfg = Release|Any CPU
		{18D7010F-77D6-48CA-A9A6-0750E3DA4EDE}.Release|x86.Build.0 = Release|Any CPU
		{26073755-1FBD-4210-9CFF-79E3D12EF05A}.Debug|Any CPU.ActiveCfg = Debug|Any CPU
		{26073755-1FBD-4210-9CFF-79E3D12EF05A}.Debug|Any CPU.Build.0 = Debug|Any CPU
		{26073755-1FBD-4210-9CFF-79E3D12EF05A}.Debug|x64.ActiveCfg = Debug|Any CPU
		{26073755-1FBD-4210-9CFF-79E3D12EF05A}.Debug|x64.Build.0 = Debug|Any CPU
		{26073755-1FBD-4210-9CFF-79E3D12EF05A}.Debug|x86.ActiveCfg = Debug|Any CPU
		{26073755-1FBD-4210-9CFF-79E3D12EF05A}.Debug|x86.Build.0 = Debug|Any CPU
		{26073755-1FBD-4210-9CFF-79E3D12EF05A}.Release|Any CPU.ActiveCfg = Release|Any CPU
		{26073755-1FBD-4210-9CFF-79E3D12EF05A}.Release|Any CPU.Build.0 = Release|Any CPU
		{26073755-1FBD-4210-9CFF-79E3D12EF05A}.Release|x64.ActiveCfg = Release|Any CPU
		{26073755-1FBD-4210-9CFF-79E3D12EF05A}.Release|x64.Build.0 = Release|Any CPU
		{26073755-1FBD-4210-9CFF-79E3D12EF05A}.Release|x86.ActiveCfg = Release|Any CPU
		{26073755-1FBD-4210-9CFF-79E3D12EF05A}.Release|x86.Build.0 = Release|Any CPU
		{FE11981B-6549-4D46-B9F6-6006195F5417}.Debug|Any CPU.ActiveCfg = Debug|Any CPU
		{FE11981B-6549-4D46-B9F6-6006195F5417}.Debug|Any CPU.Build.0 = Debug|Any CPU
		{FE11981B-6549-4D46-B9F6-6006195F5417}.Debug|x64.ActiveCfg = Debug|Any CPU
		{FE11981B-6549-4D46-B9F6-6006195F5417}.Debug|x64.Build.0 = Debug|Any CPU
		{FE11981B-6549-4D46-B9F6-6006195F5417}.Debug|x86.ActiveCfg = Debug|Any CPU
		{FE11981B-6549-4D46-B9F6-6006195F5417}.Debug|x86.Build.0 = Debug|Any CPU
		{FE11981B-6549-4D46-B9F6-6006195F5417}.Release|Any CPU.ActiveCfg = Release|Any CPU
		{FE11981B-6549-4D46-B9F6-6006195F5417}.Release|Any CPU.Build.0 = Release|Any CPU
		{FE11981B-6549-4D46-B9F6-6006195F5417}.Release|x64.ActiveCfg = Release|Any CPU
		{FE11981B-6549-4D46-B9F6-6006195F5417}.Release|x64.Build.0 = Release|Any CPU
		{FE11981B-6549-4D46-B9F6-6006195F5417}.Release|x86.ActiveCfg = Release|Any CPU
		{FE11981B-6549-4D46-B9F6-6006195F5417}.Release|x86.Build.0 = Release|Any CPU
		{4727C282-1E67-4E9A-9738-A2F5316DED12}.Debug|Any CPU.ActiveCfg = Debug|Any CPU
		{4727C282-1E67-4E9A-9738-A2F5316DED12}.Debug|Any CPU.Build.0 = Debug|Any CPU
		{4727C282-1E67-4E9A-9738-A2F5316DED12}.Debug|x64.ActiveCfg = Debug|Any CPU
		{4727C282-1E67-4E9A-9738-A2F5316DED12}.Debug|x64.Build.0 = Debug|Any CPU
		{4727C282-1E67-4E9A-9738-A2F5316DED12}.Debug|x86.ActiveCfg = Debug|Any CPU
		{4727C282-1E67-4E9A-9738-A2F5316DED12}.Debug|x86.Build.0 = Debug|Any CPU
		{4727C282-1E67-4E9A-9738-A2F5316DED12}.Release|Any CPU.ActiveCfg = Release|Any CPU
		{4727C282-1E67-4E9A-9738-A2F5316DED12}.Release|Any CPU.Build.0 = Release|Any CPU
		{4727C282-1E67-4E9A-9738-A2F5316DED12}.Release|x64.ActiveCfg = Release|Any CPU
		{4727C282-1E67-4E9A-9738-A2F5316DED12}.Release|x64.Build.0 = Release|Any CPU
		{4727C282-1E67-4E9A-9738-A2F5316DED12}.Release|x86.ActiveCfg = Release|Any CPU
		{4727C282-1E67-4E9A-9738-A2F5316DED12}.Release|x86.Build.0 = Release|Any CPU
		{60528479-A20D-4C28-99DC-E6D3658A47B5}.Debug|Any CPU.ActiveCfg = Debug|Any CPU
		{60528479-A20D-4C28-99DC-E6D3658A47B5}.Debug|Any CPU.Build.0 = Debug|Any CPU
		{60528479-A20D-4C28-99DC-E6D3658A47B5}.Debug|x64.ActiveCfg = Debug|Any CPU
		{60528479-A20D-4C28-99DC-E6D3658A47B5}.Debug|x64.Build.0 = Debug|Any CPU
		{60528479-A20D-4C28-99DC-E6D3658A47B5}.Debug|x86.ActiveCfg = Debug|Any CPU
		{60528479-A20D-4C28-99DC-E6D3658A47B5}.Debug|x86.Build.0 = Debug|Any CPU
		{60528479-A20D-4C28-99DC-E6D3658A47B5}.Release|Any CPU.ActiveCfg = Release|Any CPU
		{60528479-A20D-4C28-99DC-E6D3658A47B5}.Release|Any CPU.Build.0 = Release|Any CPU
		{60528479-A20D-4C28-99DC-E6D3658A47B5}.Release|x64.ActiveCfg = Release|Any CPU
		{60528479-A20D-4C28-99DC-E6D3658A47B5}.Release|x64.Build.0 = Release|Any CPU
		{60528479-A20D-4C28-99DC-E6D3658A47B5}.Release|x86.ActiveCfg = Release|Any CPU
		{60528479-A20D-4C28-99DC-E6D3658A47B5}.Release|x86.Build.0 = Release|Any CPU
		{74BDE09F-4D64-49A5-94A8-53DB91DBB6A3}.Debug|Any CPU.ActiveCfg = Debug|Any CPU
		{74BDE09F-4D64-49A5-94A8-53DB91DBB6A3}.Debug|Any CPU.Build.0 = Debug|Any CPU
		{74BDE09F-4D64-49A5-94A8-53DB91DBB6A3}.Debug|x64.ActiveCfg = Debug|Any CPU
		{74BDE09F-4D64-49A5-94A8-53DB91DBB6A3}.Debug|x64.Build.0 = Debug|Any CPU
		{74BDE09F-4D64-49A5-94A8-53DB91DBB6A3}.Debug|x86.ActiveCfg = Debug|Any CPU
		{74BDE09F-4D64-49A5-94A8-53DB91DBB6A3}.Debug|x86.Build.0 = Debug|Any CPU
		{74BDE09F-4D64-49A5-94A8-53DB91DBB6A3}.Release|Any CPU.ActiveCfg = Release|Any CPU
		{74BDE09F-4D64-49A5-94A8-53DB91DBB6A3}.Release|Any CPU.Build.0 = Release|Any CPU
		{74BDE09F-4D64-49A5-94A8-53DB91DBB6A3}.Release|x64.ActiveCfg = Release|Any CPU
		{74BDE09F-4D64-49A5-94A8-53DB91DBB6A3}.Release|x64.Build.0 = Release|Any CPU
		{74BDE09F-4D64-49A5-94A8-53DB91DBB6A3}.Release|x86.ActiveCfg = Release|Any CPU
		{74BDE09F-4D64-49A5-94A8-53DB91DBB6A3}.Release|x86.Build.0 = Release|Any CPU
		{6ACEABCE-3789-40B1-9E71-E2B99E56E2DD}.Debug|Any CPU.ActiveCfg = Debug|Any CPU
		{6ACEABCE-3789-40B1-9E71-E2B99E56E2DD}.Debug|Any CPU.Build.0 = Debug|Any CPU
		{6ACEABCE-3789-40B1-9E71-E2B99E56E2DD}.Debug|x64.ActiveCfg = Debug|Any CPU
		{6ACEABCE-3789-40B1-9E71-E2B99E56E2DD}.Debug|x64.Build.0 = Debug|Any CPU
		{6ACEABCE-3789-40B1-9E71-E2B99E56E2DD}.Debug|x86.ActiveCfg = Debug|Any CPU
		{6ACEABCE-3789-40B1-9E71-E2B99E56E2DD}.Debug|x86.Build.0 = Debug|Any CPU
		{6ACEABCE-3789-40B1-9E71-E2B99E56E2DD}.Release|Any CPU.ActiveCfg = Release|Any CPU
		{6ACEABCE-3789-40B1-9E71-E2B99E56E2DD}.Release|Any CPU.Build.0 = Release|Any CPU
		{6ACEABCE-3789-40B1-9E71-E2B99E56E2DD}.Release|x64.ActiveCfg = Release|Any CPU
		{6ACEABCE-3789-40B1-9E71-E2B99E56E2DD}.Release|x64.Build.0 = Release|Any CPU
		{6ACEABCE-3789-40B1-9E71-E2B99E56E2DD}.Release|x86.ActiveCfg = Release|Any CPU
		{6ACEABCE-3789-40B1-9E71-E2B99E56E2DD}.Release|x86.Build.0 = Release|Any CPU
		{D01689EA-4650-4F0A-B1F6-32DF6A787FC6}.Debug|Any CPU.ActiveCfg = Debug|Any CPU
		{D01689EA-4650-4F0A-B1F6-32DF6A787FC6}.Debug|Any CPU.Build.0 = Debug|Any CPU
		{D01689EA-4650-4F0A-B1F6-32DF6A787FC6}.Debug|x64.ActiveCfg = Debug|Any CPU
		{D01689EA-4650-4F0A-B1F6-32DF6A787FC6}.Debug|x64.Build.0 = Debug|Any CPU
		{D01689EA-4650-4F0A-B1F6-32DF6A787FC6}.Debug|x86.ActiveCfg = Debug|Any CPU
		{D01689EA-4650-4F0A-B1F6-32DF6A787FC6}.Debug|x86.Build.0 = Debug|Any CPU
		{D01689EA-4650-4F0A-B1F6-32DF6A787FC6}.Release|Any CPU.ActiveCfg = Release|Any CPU
		{D01689EA-4650-4F0A-B1F6-32DF6A787FC6}.Release|Any CPU.Build.0 = Release|Any CPU
		{D01689EA-4650-4F0A-B1F6-32DF6A787FC6}.Release|x64.ActiveCfg = Release|Any CPU
		{D01689EA-4650-4F0A-B1F6-32DF6A787FC6}.Release|x64.Build.0 = Release|Any CPU
		{D01689EA-4650-4F0A-B1F6-32DF6A787FC6}.Release|x86.ActiveCfg = Release|Any CPU
		{D01689EA-4650-4F0A-B1F6-32DF6A787FC6}.Release|x86.Build.0 = Release|Any CPU
		{F8A5424C-D6EE-4924-9FCE-D73184F19B66}.Debug|Any CPU.ActiveCfg = Debug|Any CPU
		{F8A5424C-D6EE-4924-9FCE-D73184F19B66}.Debug|Any CPU.Build.0 = Debug|Any CPU
		{F8A5424C-D6EE-4924-9FCE-D73184F19B66}.Debug|x64.ActiveCfg = Debug|Any CPU
		{F8A5424C-D6EE-4924-9FCE-D73184F19B66}.Debug|x64.Build.0 = Debug|Any CPU
		{F8A5424C-D6EE-4924-9FCE-D73184F19B66}.Debug|x86.ActiveCfg = Debug|Any CPU
		{F8A5424C-D6EE-4924-9FCE-D73184F19B66}.Debug|x86.Build.0 = Debug|Any CPU
		{F8A5424C-D6EE-4924-9FCE-D73184F19B66}.Release|Any CPU.ActiveCfg = Release|Any CPU
		{F8A5424C-D6EE-4924-9FCE-D73184F19B66}.Release|Any CPU.Build.0 = Release|Any CPU
		{F8A5424C-D6EE-4924-9FCE-D73184F19B66}.Release|x64.ActiveCfg = Release|Any CPU
		{F8A5424C-D6EE-4924-9FCE-D73184F19B66}.Release|x64.Build.0 = Release|Any CPU
		{F8A5424C-D6EE-4924-9FCE-D73184F19B66}.Release|x86.ActiveCfg = Release|Any CPU
		{F8A5424C-D6EE-4924-9FCE-D73184F19B66}.Release|x86.Build.0 = Release|Any CPU
		{2637FF1B-D9BD-4F11-B5B0-29AD98CA980E}.Debug|Any CPU.ActiveCfg = Debug|Any CPU
		{2637FF1B-D9BD-4F11-B5B0-29AD98CA980E}.Debug|Any CPU.Build.0 = Debug|Any CPU
		{2637FF1B-D9BD-4F11-B5B0-29AD98CA980E}.Debug|x64.ActiveCfg = Debug|Any CPU
		{2637FF1B-D9BD-4F11-B5B0-29AD98CA980E}.Debug|x64.Build.0 = Debug|Any CPU
		{2637FF1B-D9BD-4F11-B5B0-29AD98CA980E}.Debug|x86.ActiveCfg = Debug|Any CPU
		{2637FF1B-D9BD-4F11-B5B0-29AD98CA980E}.Debug|x86.Build.0 = Debug|Any CPU
		{2637FF1B-D9BD-4F11-B5B0-29AD98CA980E}.Release|Any CPU.ActiveCfg = Release|Any CPU
		{2637FF1B-D9BD-4F11-B5B0-29AD98CA980E}.Release|Any CPU.Build.0 = Release|Any CPU
		{2637FF1B-D9BD-4F11-B5B0-29AD98CA980E}.Release|x64.ActiveCfg = Release|Any CPU
		{2637FF1B-D9BD-4F11-B5B0-29AD98CA980E}.Release|x64.Build.0 = Release|Any CPU
		{2637FF1B-D9BD-4F11-B5B0-29AD98CA980E}.Release|x86.ActiveCfg = Release|Any CPU
		{2637FF1B-D9BD-4F11-B5B0-29AD98CA980E}.Release|x86.Build.0 = Release|Any CPU
		{5ED4EBA7-E7B0-4A75-903C-139E71885637}.Debug|Any CPU.ActiveCfg = Debug|Any CPU
		{5ED4EBA7-E7B0-4A75-903C-139E71885637}.Debug|Any CPU.Build.0 = Debug|Any CPU
		{5ED4EBA7-E7B0-4A75-903C-139E71885637}.Debug|x64.ActiveCfg = Debug|Any CPU
		{5ED4EBA7-E7B0-4A75-903C-139E71885637}.Debug|x64.Build.0 = Debug|Any CPU
		{5ED4EBA7-E7B0-4A75-903C-139E71885637}.Debug|x86.ActiveCfg = Debug|Any CPU
		{5ED4EBA7-E7B0-4A75-903C-139E71885637}.Debug|x86.Build.0 = Debug|Any CPU
		{5ED4EBA7-E7B0-4A75-903C-139E71885637}.Release|Any CPU.ActiveCfg = Release|Any CPU
		{5ED4EBA7-E7B0-4A75-903C-139E71885637}.Release|Any CPU.Build.0 = Release|Any CPU
		{5ED4EBA7-E7B0-4A75-903C-139E71885637}.Release|x64.ActiveCfg = Release|Any CPU
		{5ED4EBA7-E7B0-4A75-903C-139E71885637}.Release|x64.Build.0 = Release|Any CPU
		{5ED4EBA7-E7B0-4A75-903C-139E71885637}.Release|x86.ActiveCfg = Release|Any CPU
		{5ED4EBA7-E7B0-4A75-903C-139E71885637}.Release|x86.Build.0 = Release|Any CPU
		{561709DE-BA4C-466C-BF0C-88FF59068726}.Debug|Any CPU.ActiveCfg = Debug|Any CPU
		{561709DE-BA4C-466C-BF0C-88FF59068726}.Debug|Any CPU.Build.0 = Debug|Any CPU
		{561709DE-BA4C-466C-BF0C-88FF59068726}.Debug|x64.ActiveCfg = Debug|Any CPU
		{561709DE-BA4C-466C-BF0C-88FF59068726}.Debug|x64.Build.0 = Debug|Any CPU
		{561709DE-BA4C-466C-BF0C-88FF59068726}.Debug|x86.ActiveCfg = Debug|Any CPU
		{561709DE-BA4C-466C-BF0C-88FF59068726}.Debug|x86.Build.0 = Debug|Any CPU
		{561709DE-BA4C-466C-BF0C-88FF59068726}.Release|Any CPU.ActiveCfg = Release|Any CPU
		{561709DE-BA4C-466C-BF0C-88FF59068726}.Release|Any CPU.Build.0 = Release|Any CPU
		{561709DE-BA4C-466C-BF0C-88FF59068726}.Release|x64.ActiveCfg = Release|Any CPU
		{561709DE-BA4C-466C-BF0C-88FF59068726}.Release|x64.Build.0 = Release|Any CPU
		{561709DE-BA4C-466C-BF0C-88FF59068726}.Release|x86.ActiveCfg = Release|Any CPU
		{561709DE-BA4C-466C-BF0C-88FF59068726}.Release|x86.Build.0 = Release|Any CPU
		{E716915B-CBD9-4A79-982F-7A84BB62A939}.Debug|Any CPU.ActiveCfg = Debug|Any CPU
		{E716915B-CBD9-4A79-982F-7A84BB62A939}.Debug|Any CPU.Build.0 = Debug|Any CPU
		{E716915B-CBD9-4A79-982F-7A84BB62A939}.Debug|x64.ActiveCfg = Debug|Any CPU
		{E716915B-CBD9-4A79-982F-7A84BB62A939}.Debug|x64.Build.0 = Debug|Any CPU
		{E716915B-CBD9-4A79-982F-7A84BB62A939}.Debug|x86.ActiveCfg = Debug|Any CPU
		{E716915B-CBD9-4A79-982F-7A84BB62A939}.Debug|x86.Build.0 = Debug|Any CPU
		{E716915B-CBD9-4A79-982F-7A84BB62A939}.Release|Any CPU.ActiveCfg = Release|Any CPU
		{E716915B-CBD9-4A79-982F-7A84BB62A939}.Release|Any CPU.Build.0 = Release|Any CPU
		{E716915B-CBD9-4A79-982F-7A84BB62A939}.Release|x64.ActiveCfg = Release|Any CPU
		{E716915B-CBD9-4A79-982F-7A84BB62A939}.Release|x64.Build.0 = Release|Any CPU
		{E716915B-CBD9-4A79-982F-7A84BB62A939}.Release|x86.ActiveCfg = Release|Any CPU
		{E716915B-CBD9-4A79-982F-7A84BB62A939}.Release|x86.Build.0 = Release|Any CPU
		{6C5136EA-AF62-4CF3-A6E9-8C1740BC3950}.Debug|Any CPU.ActiveCfg = Debug|Any CPU
		{6C5136EA-AF62-4CF3-A6E9-8C1740BC3950}.Debug|Any CPU.Build.0 = Debug|Any CPU
		{6C5136EA-AF62-4CF3-A6E9-8C1740BC3950}.Debug|x64.ActiveCfg = Debug|Any CPU
		{6C5136EA-AF62-4CF3-A6E9-8C1740BC3950}.Debug|x64.Build.0 = Debug|Any CPU
		{6C5136EA-AF62-4CF3-A6E9-8C1740BC3950}.Debug|x86.ActiveCfg = Debug|Any CPU
		{6C5136EA-AF62-4CF3-A6E9-8C1740BC3950}.Debug|x86.Build.0 = Debug|Any CPU
		{6C5136EA-AF62-4CF3-A6E9-8C1740BC3950}.Release|Any CPU.ActiveCfg = Release|Any CPU
		{6C5136EA-AF62-4CF3-A6E9-8C1740BC3950}.Release|Any CPU.Build.0 = Release|Any CPU
		{6C5136EA-AF62-4CF3-A6E9-8C1740BC3950}.Release|x64.ActiveCfg = Release|Any CPU
		{6C5136EA-AF62-4CF3-A6E9-8C1740BC3950}.Release|x64.Build.0 = Release|Any CPU
		{6C5136EA-AF62-4CF3-A6E9-8C1740BC3950}.Release|x86.ActiveCfg = Release|Any CPU
		{6C5136EA-AF62-4CF3-A6E9-8C1740BC3950}.Release|x86.Build.0 = Release|Any CPU
		{9B471C33-8CBC-49D4-9694-A4D24E59F86C}.Debug|Any CPU.ActiveCfg = Debug|Any CPU
		{9B471C33-8CBC-49D4-9694-A4D24E59F86C}.Debug|Any CPU.Build.0 = Debug|Any CPU
		{9B471C33-8CBC-49D4-9694-A4D24E59F86C}.Debug|x64.ActiveCfg = Debug|Any CPU
		{9B471C33-8CBC-49D4-9694-A4D24E59F86C}.Debug|x64.Build.0 = Debug|Any CPU
		{9B471C33-8CBC-49D4-9694-A4D24E59F86C}.Debug|x86.ActiveCfg = Debug|Any CPU
		{9B471C33-8CBC-49D4-9694-A4D24E59F86C}.Debug|x86.Build.0 = Debug|Any CPU
		{9B471C33-8CBC-49D4-9694-A4D24E59F86C}.Release|Any CPU.ActiveCfg = Release|Any CPU
		{9B471C33-8CBC-49D4-9694-A4D24E59F86C}.Release|Any CPU.Build.0 = Release|Any CPU
		{9B471C33-8CBC-49D4-9694-A4D24E59F86C}.Release|x64.ActiveCfg = Release|Any CPU
		{9B471C33-8CBC-49D4-9694-A4D24E59F86C}.Release|x64.Build.0 = Release|Any CPU
		{9B471C33-8CBC-49D4-9694-A4D24E59F86C}.Release|x86.ActiveCfg = Release|Any CPU
		{9B471C33-8CBC-49D4-9694-A4D24E59F86C}.Release|x86.Build.0 = Release|Any CPU
		{7CE8FD91-B83D-4AC1-A2FE-840B6488F950}.Debug|Any CPU.ActiveCfg = Debug|Any CPU
		{7CE8FD91-B83D-4AC1-A2FE-840B6488F950}.Debug|Any CPU.Build.0 = Debug|Any CPU
		{7CE8FD91-B83D-4AC1-A2FE-840B6488F950}.Debug|x64.ActiveCfg = Debug|Any CPU
		{7CE8FD91-B83D-4AC1-A2FE-840B6488F950}.Debug|x64.Build.0 = Debug|Any CPU
		{7CE8FD91-B83D-4AC1-A2FE-840B6488F950}.Debug|x86.ActiveCfg = Debug|Any CPU
		{7CE8FD91-B83D-4AC1-A2FE-840B6488F950}.Debug|x86.Build.0 = Debug|Any CPU
		{7CE8FD91-B83D-4AC1-A2FE-840B6488F950}.Release|Any CPU.ActiveCfg = Release|Any CPU
		{7CE8FD91-B83D-4AC1-A2FE-840B6488F950}.Release|Any CPU.Build.0 = Release|Any CPU
		{7CE8FD91-B83D-4AC1-A2FE-840B6488F950}.Release|x64.ActiveCfg = Release|Any CPU
		{7CE8FD91-B83D-4AC1-A2FE-840B6488F950}.Release|x64.Build.0 = Release|Any CPU
		{7CE8FD91-B83D-4AC1-A2FE-840B6488F950}.Release|x86.ActiveCfg = Release|Any CPU
		{7CE8FD91-B83D-4AC1-A2FE-840B6488F950}.Release|x86.Build.0 = Release|Any CPU
	EndGlobalSection
	GlobalSection(SolutionProperties) = preSolution
		HideSolutionNode = FALSE
	EndGlobalSection
	GlobalSection(ExtensibilityGlobals) = postSolution
		SolutionGuid = {32C30C8A-D7E4-4931-9A08-712E5E4EBC8A}
	EndGlobalSection
EndGlobal
